// !$*UTF8*$!
{
	archiveVersion = 1;
	classes = {
	};
	objectVersion = 46;
	objects = {

/* Begin PBXAggregateTarget section */
		"HwpKit::HwpKitPackageTests::ProductTarget" /* HwpKitPackageTests */ = {
			isa = PBXAggregateTarget;
			buildConfigurationList = OBJ_226 /* Build configuration list for PBXAggregateTarget "HwpKitPackageTests" */;
			buildPhases = (
			);
			dependencies = (
				OBJ_229 /* PBXTargetDependency */,
			);
			name = HwpKitPackageTests;
			productName = HwpKitPackageTests;
		};
/* End PBXAggregateTarget section */

/* Begin PBXBuildFile section */
		360ADFDB253489A7001F32CD /* Create2018Tests.swift in Sources */ = {isa = PBXBuildFile; fileRef = 360ADFDA253489A7001F32CD /* Create2018Tests.swift */; };
		3682A22F2534868C00465BF3 /* Utils.swift in Sources */ = {isa = PBXBuildFile; fileRef = 3682A22E2534868C00465BF3 /* Utils.swift */; };
		OBJ_118 /* Argument.swift in Sources */ = {isa = PBXBuildFile; fileRef = OBJ_76 /* Argument.swift */; };
		OBJ_119 /* ArgumentParser.swift in Sources */ = {isa = PBXBuildFile; fileRef = OBJ_77 /* ArgumentParser.swift */; };
		OBJ_120 /* ArgumentProtocol.swift in Sources */ = {isa = PBXBuildFile; fileRef = OBJ_78 /* ArgumentProtocol.swift */; };
		OBJ_121 /* Command.swift in Sources */ = {isa = PBXBuildFile; fileRef = OBJ_79 /* Command.swift */; };
		OBJ_122 /* Errors.swift in Sources */ = {isa = PBXBuildFile; fileRef = OBJ_80 /* Errors.swift */; };
		OBJ_123 /* HelpCommand.swift in Sources */ = {isa = PBXBuildFile; fileRef = OBJ_81 /* HelpCommand.swift */; };
		OBJ_124 /* Option.swift in Sources */ = {isa = PBXBuildFile; fileRef = OBJ_82 /* Option.swift */; };
		OBJ_125 /* OrderedSet.swift in Sources */ = {isa = PBXBuildFile; fileRef = OBJ_83 /* OrderedSet.swift */; };
		OBJ_126 /* Result+Additions.swift in Sources */ = {isa = PBXBuildFile; fileRef = OBJ_84 /* Result+Additions.swift */; };
		OBJ_127 /* Switch.swift in Sources */ = {isa = PBXBuildFile; fileRef = OBJ_85 /* Switch.swift */; };
		OBJ_134 /* Package.swift in Sources */ = {isa = PBXBuildFile; fileRef = OBJ_86 /* Package.swift */; };
		OBJ_140 /* DataCompression.swift in Sources */ = {isa = PBXBuildFile; fileRef = OBJ_89 /* DataCompression.swift */; };
		OBJ_147 /* Package.swift in Sources */ = {isa = PBXBuildFile; fileRef = OBJ_90 /* Package.swift */; };
		OBJ_153 /* HwpBorderType.swift in Sources */ = {isa = PBXBuildFile; fileRef = OBJ_10 /* HwpBorderType.swift */; };
		OBJ_154 /* HwpCharType.swift in Sources */ = {isa = PBXBuildFile; fileRef = OBJ_11 /* HwpCharType.swift */; };
		OBJ_155 /* HwpStreamName.swift in Sources */ = {isa = PBXBuildFile; fileRef = OBJ_12 /* HwpStreamName.swift */; };
		OBJ_156 /* HwpTag.swift in Sources */ = {isa = PBXBuildFile; fileRef = OBJ_13 /* HwpTag.swift */; };
		OBJ_157 /* HwpError.swift in Sources */ = {isa = PBXBuildFile; fileRef = OBJ_14 /* HwpError.swift */; };
		OBJ_158 /* HwpFile.swift in Sources */ = {isa = PBXBuildFile; fileRef = OBJ_15 /* HwpFile.swift */; };
		OBJ_159 /* HwpCompatibleDocument.swift in Sources */ = {isa = PBXBuildFile; fileRef = OBJ_19 /* HwpCompatibleDocument.swift */; };
		OBJ_160 /* HwpLayoutCompatibility.swift in Sources */ = {isa = PBXBuildFile; fileRef = OBJ_20 /* HwpLayoutCompatibility.swift */; };
		OBJ_161 /* HwpCaratLocation.swift in Sources */ = {isa = PBXBuildFile; fileRef = OBJ_22 /* HwpCaratLocation.swift */; };
		OBJ_162 /* HwpDocumentProperties.swift in Sources */ = {isa = PBXBuildFile; fileRef = OBJ_23 /* HwpDocumentProperties.swift */; };
		OBJ_163 /* HwpStartingIndex.swift in Sources */ = {isa = PBXBuildFile; fileRef = OBJ_24 /* HwpStartingIndex.swift */; };
		OBJ_164 /* HwpIdMappings.swift in Sources */ = {isa = PBXBuildFile; fileRef = OBJ_25 /* HwpIdMappings.swift */; };
		OBJ_165 /* HwpBinData.swift in Sources */ = {isa = PBXBuildFile; fileRef = OBJ_27 /* HwpBinData.swift */; };
		OBJ_166 /* HwpBorderFill.swift in Sources */ = {isa = PBXBuildFile; fileRef = OBJ_28 /* HwpBorderFill.swift */; };
		OBJ_167 /* HwpCharShape.swift in Sources */ = {isa = PBXBuildFile; fileRef = OBJ_29 /* HwpCharShape.swift */; };
		OBJ_168 /* HwpFaceName.swift in Sources */ = {isa = PBXBuildFile; fileRef = OBJ_30 /* HwpFaceName.swift */; };
		OBJ_169 /* HwpParaShape.swift in Sources */ = {isa = PBXBuildFile; fileRef = OBJ_31 /* HwpParaShape.swift */; };
		OBJ_170 /* HwpVersion.swift in Sources */ = {isa = PBXBuildFile; fileRef = OBJ_32 /* HwpVersion.swift */; };
		OBJ_171 /* HwpChar.swift in Sources */ = {isa = PBXBuildFile; fileRef = OBJ_34 /* HwpChar.swift */; };
		OBJ_172 /* HwpCtrlHeader.swift in Sources */ = {isa = PBXBuildFile; fileRef = OBJ_35 /* HwpCtrlHeader.swift */; };
		OBJ_173 /* HwpListHeader.swift in Sources */ = {isa = PBXBuildFile; fileRef = OBJ_36 /* HwpListHeader.swift */; };
		OBJ_174 /* HwpParaCharShape.swift in Sources */ = {isa = PBXBuildFile; fileRef = OBJ_37 /* HwpParaCharShape.swift */; };
		OBJ_175 /* HwpParaHeader.swift in Sources */ = {isa = PBXBuildFile; fileRef = OBJ_38 /* HwpParaHeader.swift */; };
		OBJ_176 /* HwpParaLineSeg.swift in Sources */ = {isa = PBXBuildFile; fileRef = OBJ_39 /* HwpParaLineSeg.swift */; };
		OBJ_177 /* HwpParaRangeTag.swift in Sources */ = {isa = PBXBuildFile; fileRef = OBJ_40 /* HwpParaRangeTag.swift */; };
		OBJ_178 /* HwpParaText.swift in Sources */ = {isa = PBXBuildFile; fileRef = OBJ_41 /* HwpParaText.swift */; };
		OBJ_179 /* HwpParagraph.swift in Sources */ = {isa = PBXBuildFile; fileRef = OBJ_42 /* HwpParagraph.swift */; };
		OBJ_180 /* HwpBinaryData.swift in Sources */ = {isa = PBXBuildFile; fileRef = OBJ_44 /* HwpBinaryData.swift */; };
		OBJ_181 /* HwpDocInfo.swift in Sources */ = {isa = PBXBuildFile; fileRef = OBJ_45 /* HwpDocInfo.swift */; };
		OBJ_182 /* HwpFileHeader.swift in Sources */ = {isa = PBXBuildFile; fileRef = OBJ_46 /* HwpFileHeader.swift */; };
		OBJ_183 /* HwpPreviewImage.swift in Sources */ = {isa = PBXBuildFile; fileRef = OBJ_47 /* HwpPreviewImage.swift */; };
		OBJ_184 /* HwpPreviewText.swift in Sources */ = {isa = PBXBuildFile; fileRef = OBJ_48 /* HwpPreviewText.swift */; };
		OBJ_185 /* HwpSection.swift in Sources */ = {isa = PBXBuildFile; fileRef = OBJ_49 /* HwpSection.swift */; };
		OBJ_186 /* HwpSummary.swift in Sources */ = {isa = PBXBuildFile; fileRef = OBJ_50 /* HwpSummary.swift */; };
		OBJ_187 /* DataReader.swift in Sources */ = {isa = PBXBuildFile; fileRef = OBJ_52 /* DataReader.swift */; };
		OBJ_188 /* ExcludeEquatable.swift in Sources */ = {isa = PBXBuildFile; fileRef = OBJ_53 /* ExcludeEquatable.swift */; };
		OBJ_189 /* HwpColor.swift in Sources */ = {isa = PBXBuildFile; fileRef = OBJ_54 /* HwpColor.swift */; };
		OBJ_190 /* HwpPrimitive.swift in Sources */ = {isa = PBXBuildFile; fileRef = OBJ_55 /* HwpPrimitive.swift */; };
		OBJ_191 /* HwpRecord.swift in Sources */ = {isa = PBXBuildFile; fileRef = OBJ_56 /* HwpRecord.swift */; };
		OBJ_192 /* StreamReader.swift in Sources */ = {isa = PBXBuildFile; fileRef = OBJ_57 /* StreamReader.swift */; };
		OBJ_193 /* Type.swift in Sources */ = {isa = PBXBuildFile; fileRef = OBJ_58 /* Type.swift */; };
		OBJ_195 /* DataCompression.framework in Frameworks */ = {isa = PBXBuildFile; fileRef = "DataCompression::DataCompression::Product" /* DataCompression.framework */; };
		OBJ_196 /* OLEKit.framework in Frameworks */ = {isa = PBXBuildFile; fileRef = "OLEKit::OLEKit::Product" /* OLEKit.framework */; };
		OBJ_205 /* BlankTests.swift in Sources */ = {isa = PBXBuildFile; fileRef = OBJ_64 /* BlankTests.swift */; };
		OBJ_206 /* Create2014Tests.swift in Sources */ = {isa = PBXBuildFile; fileRef = OBJ_65 /* Create2014Tests.swift */; };
		OBJ_207 /* HwpUtilTests.swift in Sources */ = {isa = PBXBuildFile; fileRef = OBJ_66 /* HwpUtilTests.swift */; };
		OBJ_208 /* NooriDocInfoTests.swift in Sources */ = {isa = PBXBuildFile; fileRef = OBJ_68 /* NooriDocInfoTests.swift */; };
		OBJ_209 /* NooriSectionTests.swift in Sources */ = {isa = PBXBuildFile; fileRef = OBJ_69 /* NooriSectionTests.swift */; };
		OBJ_210 /* VersionTests.swift in Sources */ = {isa = PBXBuildFile; fileRef = OBJ_71 /* VersionTests.swift */; };
		OBJ_211 /* XCTestManifests.swift in Sources */ = {isa = PBXBuildFile; fileRef = OBJ_72 /* XCTestManifests.swift */; };
		OBJ_213 /* HwpKitFramework.framework in Frameworks */ = {isa = PBXBuildFile; fileRef = "HwpKit::HwpKitFramework::Product" /* HwpKitFramework.framework */; };
		OBJ_214 /* DataCompression.framework in Frameworks */ = {isa = PBXBuildFile; fileRef = "DataCompression::DataCompression::Product" /* DataCompression.framework */; };
		OBJ_215 /* OLEKit.framework in Frameworks */ = {isa = PBXBuildFile; fileRef = "OLEKit::OLEKit::Product" /* OLEKit.framework */; };
		OBJ_224 /* Package.swift in Sources */ = {isa = PBXBuildFile; fileRef = OBJ_6 /* Package.swift */; };
		OBJ_234 /* DataStream.swift in Sources */ = {isa = PBXBuildFile; fileRef = OBJ_93 /* DataStream.swift */; };
		OBJ_235 /* DirectoryEntry.swift in Sources */ = {isa = PBXBuildFile; fileRef = OBJ_94 /* DirectoryEntry.swift */; };
		OBJ_236 /* FAT.swift in Sources */ = {isa = PBXBuildFile; fileRef = OBJ_95 /* FAT.swift */; };
		OBJ_237 /* Header.swift in Sources */ = {isa = PBXBuildFile; fileRef = OBJ_96 /* Header.swift */; };
		OBJ_238 /* OLEError.swift in Sources */ = {isa = PBXBuildFile; fileRef = OBJ_97 /* OLEError.swift */; };
		OBJ_239 /* OLEFile.swift in Sources */ = {isa = PBXBuildFile; fileRef = OBJ_98 /* OLEFile.swift */; };
		OBJ_240 /* OLEStream.swift in Sources */ = {isa = PBXBuildFile; fileRef = OBJ_99 /* OLEStream.swift */; };
		OBJ_241 /* Reader.swift in Sources */ = {isa = PBXBuildFile; fileRef = OBJ_100 /* Reader.swift */; };
		OBJ_242 /* StorageType.swift in Sources */ = {isa = PBXBuildFile; fileRef = OBJ_101 /* StorageType.swift */; };
		OBJ_249 /* Package.swift in Sources */ = {isa = PBXBuildFile; fileRef = OBJ_102 /* Package.swift */; };
		OBJ_255 /* main.swift in Sources */ = {isa = PBXBuildFile; fileRef = OBJ_60 /* main.swift */; };
		OBJ_257 /* Commandant.framework in Frameworks */ = {isa = PBXBuildFile; fileRef = "Commandant::Commandant::Product" /* Commandant.framework */; };
		OBJ_258 /* HwpKitFramework.framework in Frameworks */ = {isa = PBXBuildFile; fileRef = "HwpKit::HwpKitFramework::Product" /* HwpKitFramework.framework */; };
		OBJ_259 /* DataCompression.framework in Frameworks */ = {isa = PBXBuildFile; fileRef = "DataCompression::DataCompression::Product" /* DataCompression.framework */; };
		OBJ_260 /* OLEKit.framework in Frameworks */ = {isa = PBXBuildFile; fileRef = "OLEKit::OLEKit::Product" /* OLEKit.framework */; };
/* End PBXBuildFile section */

/* Begin PBXContainerItemProxy section */
		36B15A0A253474EB00D7FBEE /* PBXContainerItemProxy */ = {
			isa = PBXContainerItemProxy;
			containerPortal = OBJ_1 /* Project object */;
			proxyType = 1;
			remoteGlobalIDString = "Commandant::Commandant";
			remoteInfo = Commandant;
		};
		36B15A0B253474EB00D7FBEE /* PBXContainerItemProxy */ = {
			isa = PBXContainerItemProxy;
			containerPortal = OBJ_1 /* Project object */;
			proxyType = 1;
			remoteGlobalIDString = "HwpKit::HwpKitFramework";
			remoteInfo = HwpKitFramework;
		};
		36B15A0C253474EB00D7FBEE /* PBXContainerItemProxy */ = {
			isa = PBXContainerItemProxy;
			containerPortal = OBJ_1 /* Project object */;
			proxyType = 1;
			remoteGlobalIDString = "DataCompression::DataCompression";
			remoteInfo = DataCompression;
		};
		36B15A0D253474EB00D7FBEE /* PBXContainerItemProxy */ = {
			isa = PBXContainerItemProxy;
			containerPortal = OBJ_1 /* Project object */;
			proxyType = 1;
			remoteGlobalIDString = "OLEKit::OLEKit";
			remoteInfo = OLEKit;
		};
		36B15A0E253474EB00D7FBEE /* PBXContainerItemProxy */ = {
			isa = PBXContainerItemProxy;
			containerPortal = OBJ_1 /* Project object */;
			proxyType = 1;
			remoteGlobalIDString = "DataCompression::DataCompression";
			remoteInfo = DataCompression;
		};
		36B15A0F253474EB00D7FBEE /* PBXContainerItemProxy */ = {
			isa = PBXContainerItemProxy;
			containerPortal = OBJ_1 /* Project object */;
			proxyType = 1;
			remoteGlobalIDString = "OLEKit::OLEKit";
			remoteInfo = OLEKit;
		};
		36B15A10253474EC00D7FBEE /* PBXContainerItemProxy */ = {
			isa = PBXContainerItemProxy;
			containerPortal = OBJ_1 /* Project object */;
			proxyType = 1;
			remoteGlobalIDString = "HwpKit::HwpKitFramework";
			remoteInfo = HwpKitFramework;
		};
		36B15A11253474EC00D7FBEE /* PBXContainerItemProxy */ = {
			isa = PBXContainerItemProxy;
			containerPortal = OBJ_1 /* Project object */;
			proxyType = 1;
			remoteGlobalIDString = "DataCompression::DataCompression";
			remoteInfo = DataCompression;
		};
		36B15A12253474EC00D7FBEE /* PBXContainerItemProxy */ = {
			isa = PBXContainerItemProxy;
			containerPortal = OBJ_1 /* Project object */;
			proxyType = 1;
			remoteGlobalIDString = "OLEKit::OLEKit";
			remoteInfo = OLEKit;
		};
		36B15A1A253474ED00D7FBEE /* PBXContainerItemProxy */ = {
			isa = PBXContainerItemProxy;
			containerPortal = OBJ_1 /* Project object */;
			proxyType = 1;
			remoteGlobalIDString = "HwpKit::HwpKitFrameworkTests";
			remoteInfo = HwpKitFrameworkTests;
		};
/* End PBXContainerItemProxy section */

/* Begin PBXFileReference section */
		360ADFDA253489A7001F32CD /* Create2018Tests.swift */ = {isa = PBXFileReference; lastKnownFileType = sourcecode.swift; path = Create2018Tests.swift; sourceTree = "<group>"; };
		3682A21F253484C700465BF3 /* blank-win2018.hwp */ = {isa = PBXFileReference; lastKnownFileType = file; path = "blank-win2018.hwp"; sourceTree = "<group>"; };
		3682A220253484D700465BF3 /* noori.hwp */ = {isa = PBXFileReference; lastKnownFileType = file; path = noori.hwp; sourceTree = "<group>"; };
		3682A221253484E400465BF3 /* 2007.hwp */ = {isa = PBXFileReference; lastKnownFileType = file; path = 2007.hwp; sourceTree = "<group>"; };
		3682A222253484F700465BF3 /* 2014VP.hwp */ = {isa = PBXFileReference; lastKnownFileType = file; path = 2014VP.hwp; sourceTree = "<group>"; };
		3682A22E2534868C00465BF3 /* Utils.swift */ = {isa = PBXFileReference; lastKnownFileType = sourcecode.swift; path = Utils.swift; sourceTree = "<group>"; };
		36D4558B25348AB4000EDBCB /* blank-mac2014vp.hwp */ = {isa = PBXFileReference; lastKnownFileType = file; path = "blank-mac2014vp.hwp"; sourceTree = "<group>"; };
		"Commandant::Commandant::Product" /* Commandant.framework */ = {isa = PBXFileReference; lastKnownFileType = wrapper.framework; path = Commandant.framework; sourceTree = BUILT_PRODUCTS_DIR; };
		"DataCompression::DataCompression::Product" /* DataCompression.framework */ = {isa = PBXFileReference; lastKnownFileType = wrapper.framework; path = DataCompression.framework; sourceTree = BUILT_PRODUCTS_DIR; };
		"HwpKit::HwpKitFramework::Product" /* HwpKitFramework.framework */ = {isa = PBXFileReference; lastKnownFileType = wrapper.framework; path = HwpKitFramework.framework; sourceTree = BUILT_PRODUCTS_DIR; };
		"HwpKit::HwpKitFrameworkTests::Product" /* HwpKitFrameworkTests.xctest */ = {isa = PBXFileReference; lastKnownFileType = file; path = HwpKitFrameworkTests.xctest; sourceTree = BUILT_PRODUCTS_DIR; };
		"HwpKit::hwpkit::Product" /* hwpkit */ = {isa = PBXFileReference; lastKnownFileType = text; path = hwpkit; sourceTree = BUILT_PRODUCTS_DIR; };
		OBJ_10 /* HwpBorderType.swift */ = {isa = PBXFileReference; lastKnownFileType = sourcecode.swift; path = HwpBorderType.swift; sourceTree = "<group>"; };
		OBJ_100 /* Reader.swift */ = {isa = PBXFileReference; lastKnownFileType = sourcecode.swift; path = Reader.swift; sourceTree = "<group>"; };
		OBJ_101 /* StorageType.swift */ = {isa = PBXFileReference; lastKnownFileType = sourcecode.swift; path = StorageType.swift; sourceTree = "<group>"; };
		OBJ_102 /* Package.swift */ = {isa = PBXFileReference; explicitFileType = sourcecode.swift; name = Package.swift; path = /Users/sboh1214/Repos/HwpKit/.build/checkouts/OLEKit/Package.swift; sourceTree = "<group>"; };
		OBJ_11 /* HwpCharType.swift */ = {isa = PBXFileReference; lastKnownFileType = sourcecode.swift; path = HwpCharType.swift; sourceTree = "<group>"; };
		OBJ_110 /* CODE_OF_CONDUCT.md */ = {isa = PBXFileReference; lastKnownFileType = net.daringfireball.markdown; path = CODE_OF_CONDUCT.md; sourceTree = "<group>"; };
		OBJ_111 /* LICENSE */ = {isa = PBXFileReference; lastKnownFileType = text; path = LICENSE; sourceTree = "<group>"; };
		OBJ_112 /* README.md */ = {isa = PBXFileReference; lastKnownFileType = net.daringfireball.markdown; path = README.md; sourceTree = "<group>"; };
		OBJ_12 /* HwpStreamName.swift */ = {isa = PBXFileReference; lastKnownFileType = sourcecode.swift; path = HwpStreamName.swift; sourceTree = "<group>"; };
		OBJ_13 /* HwpTag.swift */ = {isa = PBXFileReference; lastKnownFileType = sourcecode.swift; path = HwpTag.swift; sourceTree = "<group>"; };
		OBJ_14 /* HwpError.swift */ = {isa = PBXFileReference; lastKnownFileType = sourcecode.swift; path = HwpError.swift; sourceTree = "<group>"; };
		OBJ_15 /* HwpFile.swift */ = {isa = PBXFileReference; lastKnownFileType = sourcecode.swift; path = HwpFile.swift; sourceTree = "<group>"; };
		OBJ_19 /* HwpCompatibleDocument.swift */ = {isa = PBXFileReference; lastKnownFileType = sourcecode.swift; path = HwpCompatibleDocument.swift; sourceTree = "<group>"; };
		OBJ_20 /* HwpLayoutCompatibility.swift */ = {isa = PBXFileReference; lastKnownFileType = sourcecode.swift; path = HwpLayoutCompatibility.swift; sourceTree = "<group>"; };
		OBJ_22 /* HwpCaratLocation.swift */ = {isa = PBXFileReference; lastKnownFileType = sourcecode.swift; path = HwpCaratLocation.swift; sourceTree = "<group>"; };
		OBJ_23 /* HwpDocumentProperties.swift */ = {isa = PBXFileReference; lastKnownFileType = sourcecode.swift; path = HwpDocumentProperties.swift; sourceTree = "<group>"; };
		OBJ_24 /* HwpStartingIndex.swift */ = {isa = PBXFileReference; lastKnownFileType = sourcecode.swift; path = HwpStartingIndex.swift; sourceTree = "<group>"; };
		OBJ_25 /* HwpIdMappings.swift */ = {isa = PBXFileReference; lastKnownFileType = sourcecode.swift; path = HwpIdMappings.swift; sourceTree = "<group>"; };
		OBJ_27 /* HwpBinData.swift */ = {isa = PBXFileReference; lastKnownFileType = sourcecode.swift; path = HwpBinData.swift; sourceTree = "<group>"; };
		OBJ_28 /* HwpBorderFill.swift */ = {isa = PBXFileReference; lastKnownFileType = sourcecode.swift; path = HwpBorderFill.swift; sourceTree = "<group>"; };
		OBJ_29 /* HwpCharShape.swift */ = {isa = PBXFileReference; lastKnownFileType = sourcecode.swift; path = HwpCharShape.swift; sourceTree = "<group>"; };
		OBJ_30 /* HwpFaceName.swift */ = {isa = PBXFileReference; lastKnownFileType = sourcecode.swift; path = HwpFaceName.swift; sourceTree = "<group>"; };
		OBJ_31 /* HwpParaShape.swift */ = {isa = PBXFileReference; lastKnownFileType = sourcecode.swift; path = HwpParaShape.swift; sourceTree = "<group>"; };
		OBJ_32 /* HwpVersion.swift */ = {isa = PBXFileReference; lastKnownFileType = sourcecode.swift; path = HwpVersion.swift; sourceTree = "<group>"; };
		OBJ_34 /* HwpChar.swift */ = {isa = PBXFileReference; lastKnownFileType = sourcecode.swift; path = HwpChar.swift; sourceTree = "<group>"; };
		OBJ_35 /* HwpCtrlHeader.swift */ = {isa = PBXFileReference; lastKnownFileType = sourcecode.swift; path = HwpCtrlHeader.swift; sourceTree = "<group>"; };
		OBJ_36 /* HwpListHeader.swift */ = {isa = PBXFileReference; lastKnownFileType = sourcecode.swift; path = HwpListHeader.swift; sourceTree = "<group>"; };
		OBJ_37 /* HwpParaCharShape.swift */ = {isa = PBXFileReference; lastKnownFileType = sourcecode.swift; path = HwpParaCharShape.swift; sourceTree = "<group>"; };
		OBJ_38 /* HwpParaHeader.swift */ = {isa = PBXFileReference; lastKnownFileType = sourcecode.swift; path = HwpParaHeader.swift; sourceTree = "<group>"; };
		OBJ_39 /* HwpParaLineSeg.swift */ = {isa = PBXFileReference; lastKnownFileType = sourcecode.swift; path = HwpParaLineSeg.swift; sourceTree = "<group>"; };
		OBJ_40 /* HwpParaRangeTag.swift */ = {isa = PBXFileReference; lastKnownFileType = sourcecode.swift; path = HwpParaRangeTag.swift; sourceTree = "<group>"; };
		OBJ_41 /* HwpParaText.swift */ = {isa = PBXFileReference; lastKnownFileType = sourcecode.swift; path = HwpParaText.swift; sourceTree = "<group>"; };
		OBJ_42 /* HwpParagraph.swift */ = {isa = PBXFileReference; lastKnownFileType = sourcecode.swift; path = HwpParagraph.swift; sourceTree = "<group>"; };
		OBJ_44 /* HwpBinaryData.swift */ = {isa = PBXFileReference; lastKnownFileType = sourcecode.swift; path = HwpBinaryData.swift; sourceTree = "<group>"; };
		OBJ_45 /* HwpDocInfo.swift */ = {isa = PBXFileReference; lastKnownFileType = sourcecode.swift; path = HwpDocInfo.swift; sourceTree = "<group>"; };
		OBJ_46 /* HwpFileHeader.swift */ = {isa = PBXFileReference; lastKnownFileType = sourcecode.swift; path = HwpFileHeader.swift; sourceTree = "<group>"; };
		OBJ_47 /* HwpPreviewImage.swift */ = {isa = PBXFileReference; lastKnownFileType = sourcecode.swift; path = HwpPreviewImage.swift; sourceTree = "<group>"; };
		OBJ_48 /* HwpPreviewText.swift */ = {isa = PBXFileReference; lastKnownFileType = sourcecode.swift; path = HwpPreviewText.swift; sourceTree = "<group>"; };
		OBJ_49 /* HwpSection.swift */ = {isa = PBXFileReference; lastKnownFileType = sourcecode.swift; path = HwpSection.swift; sourceTree = "<group>"; };
		OBJ_50 /* HwpSummary.swift */ = {isa = PBXFileReference; lastKnownFileType = sourcecode.swift; path = HwpSummary.swift; sourceTree = "<group>"; };
		OBJ_52 /* DataReader.swift */ = {isa = PBXFileReference; lastKnownFileType = sourcecode.swift; path = DataReader.swift; sourceTree = "<group>"; };
		OBJ_53 /* ExcludeEquatable.swift */ = {isa = PBXFileReference; lastKnownFileType = sourcecode.swift; path = ExcludeEquatable.swift; sourceTree = "<group>"; };
		OBJ_54 /* HwpColor.swift */ = {isa = PBXFileReference; lastKnownFileType = sourcecode.swift; path = HwpColor.swift; sourceTree = "<group>"; };
		OBJ_55 /* HwpPrimitive.swift */ = {isa = PBXFileReference; lastKnownFileType = sourcecode.swift; path = HwpPrimitive.swift; sourceTree = "<group>"; };
		OBJ_56 /* HwpRecord.swift */ = {isa = PBXFileReference; lastKnownFileType = sourcecode.swift; path = HwpRecord.swift; sourceTree = "<group>"; };
		OBJ_57 /* StreamReader.swift */ = {isa = PBXFileReference; lastKnownFileType = sourcecode.swift; path = StreamReader.swift; sourceTree = "<group>"; };
		OBJ_58 /* Type.swift */ = {isa = PBXFileReference; lastKnownFileType = sourcecode.swift; path = Type.swift; sourceTree = "<group>"; };
		OBJ_6 /* Package.swift */ = {isa = PBXFileReference; explicitFileType = sourcecode.swift; path = Package.swift; sourceTree = "<group>"; };
		OBJ_60 /* main.swift */ = {isa = PBXFileReference; lastKnownFileType = sourcecode.swift; path = main.swift; sourceTree = "<group>"; };
		OBJ_64 /* BlankTests.swift */ = {isa = PBXFileReference; lastKnownFileType = sourcecode.swift; path = BlankTests.swift; sourceTree = "<group>"; };
		OBJ_65 /* Create2014Tests.swift */ = {isa = PBXFileReference; lastKnownFileType = sourcecode.swift; path = Create2014Tests.swift; sourceTree = "<group>"; };
		OBJ_66 /* HwpUtilTests.swift */ = {isa = PBXFileReference; lastKnownFileType = sourcecode.swift; path = HwpUtilTests.swift; sourceTree = "<group>"; };
		OBJ_68 /* NooriDocInfoTests.swift */ = {isa = PBXFileReference; lastKnownFileType = sourcecode.swift; path = NooriDocInfoTests.swift; sourceTree = "<group>"; };
		OBJ_69 /* NooriSectionTests.swift */ = {isa = PBXFileReference; lastKnownFileType = sourcecode.swift; path = NooriSectionTests.swift; sourceTree = "<group>"; };
		OBJ_71 /* VersionTests.swift */ = {isa = PBXFileReference; lastKnownFileType = sourcecode.swift; path = VersionTests.swift; sourceTree = "<group>"; };
		OBJ_72 /* XCTestManifests.swift */ = {isa = PBXFileReference; lastKnownFileType = sourcecode.swift; path = XCTestManifests.swift; sourceTree = "<group>"; };
		OBJ_76 /* Argument.swift */ = {isa = PBXFileReference; lastKnownFileType = sourcecode.swift; path = Argument.swift; sourceTree = "<group>"; };
		OBJ_77 /* ArgumentParser.swift */ = {isa = PBXFileReference; lastKnownFileType = sourcecode.swift; path = ArgumentParser.swift; sourceTree = "<group>"; };
		OBJ_78 /* ArgumentProtocol.swift */ = {isa = PBXFileReference; lastKnownFileType = sourcecode.swift; path = ArgumentProtocol.swift; sourceTree = "<group>"; };
		OBJ_79 /* Command.swift */ = {isa = PBXFileReference; lastKnownFileType = sourcecode.swift; path = Command.swift; sourceTree = "<group>"; };
		OBJ_80 /* Errors.swift */ = {isa = PBXFileReference; lastKnownFileType = sourcecode.swift; path = Errors.swift; sourceTree = "<group>"; };
		OBJ_81 /* HelpCommand.swift */ = {isa = PBXFileReference; lastKnownFileType = sourcecode.swift; path = HelpCommand.swift; sourceTree = "<group>"; };
		OBJ_82 /* Option.swift */ = {isa = PBXFileReference; lastKnownFileType = sourcecode.swift; path = Option.swift; sourceTree = "<group>"; };
		OBJ_83 /* OrderedSet.swift */ = {isa = PBXFileReference; lastKnownFileType = sourcecode.swift; path = OrderedSet.swift; sourceTree = "<group>"; };
		OBJ_84 /* Result+Additions.swift */ = {isa = PBXFileReference; lastKnownFileType = sourcecode.swift; path = "Result+Additions.swift"; sourceTree = "<group>"; };
		OBJ_85 /* Switch.swift */ = {isa = PBXFileReference; lastKnownFileType = sourcecode.swift; path = Switch.swift; sourceTree = "<group>"; };
		OBJ_86 /* Package.swift */ = {isa = PBXFileReference; explicitFileType = sourcecode.swift; name = Package.swift; path = /Users/sboh1214/Repos/HwpKit/.build/checkouts/Commandant/Package.swift; sourceTree = "<group>"; };
		OBJ_89 /* DataCompression.swift */ = {isa = PBXFileReference; lastKnownFileType = sourcecode.swift; path = DataCompression.swift; sourceTree = "<group>"; };
		OBJ_90 /* Package.swift */ = {isa = PBXFileReference; explicitFileType = sourcecode.swift; name = Package.swift; path = /Users/sboh1214/Repos/HwpKit/.build/checkouts/DataCompression/Package.swift; sourceTree = "<group>"; };
		OBJ_93 /* DataStream.swift */ = {isa = PBXFileReference; lastKnownFileType = sourcecode.swift; path = DataStream.swift; sourceTree = "<group>"; };
		OBJ_94 /* DirectoryEntry.swift */ = {isa = PBXFileReference; lastKnownFileType = sourcecode.swift; path = DirectoryEntry.swift; sourceTree = "<group>"; };
		OBJ_95 /* FAT.swift */ = {isa = PBXFileReference; lastKnownFileType = sourcecode.swift; path = FAT.swift; sourceTree = "<group>"; };
		OBJ_96 /* Header.swift */ = {isa = PBXFileReference; lastKnownFileType = sourcecode.swift; path = Header.swift; sourceTree = "<group>"; };
		OBJ_97 /* OLEError.swift */ = {isa = PBXFileReference; lastKnownFileType = sourcecode.swift; path = OLEError.swift; sourceTree = "<group>"; };
		OBJ_98 /* OLEFile.swift */ = {isa = PBXFileReference; lastKnownFileType = sourcecode.swift; path = OLEFile.swift; sourceTree = "<group>"; };
		OBJ_99 /* OLEStream.swift */ = {isa = PBXFileReference; lastKnownFileType = sourcecode.swift; path = OLEStream.swift; sourceTree = "<group>"; };
		"OLEKit::OLEKit::Product" /* OLEKit.framework */ = {isa = PBXFileReference; lastKnownFileType = wrapper.framework; path = OLEKit.framework; sourceTree = BUILT_PRODUCTS_DIR; };
/* End PBXFileReference section */

/* Begin PBXFrameworksBuildPhase section */
		OBJ_128 /* Frameworks */ = {
			isa = PBXFrameworksBuildPhase;
			buildActionMask = 0;
			files = (
			);
			runOnlyForDeploymentPostprocessing = 0;
		};
		OBJ_141 /* Frameworks */ = {
			isa = PBXFrameworksBuildPhase;
			buildActionMask = 0;
			files = (
			);
			runOnlyForDeploymentPostprocessing = 0;
		};
		OBJ_194 /* Frameworks */ = {
			isa = PBXFrameworksBuildPhase;
			buildActionMask = 0;
			files = (
				OBJ_195 /* DataCompression.framework in Frameworks */,
				OBJ_196 /* OLEKit.framework in Frameworks */,
			);
			runOnlyForDeploymentPostprocessing = 0;
		};
		OBJ_212 /* Frameworks */ = {
			isa = PBXFrameworksBuildPhase;
			buildActionMask = 0;
			files = (
				OBJ_213 /* HwpKitFramework.framework in Frameworks */,
				OBJ_214 /* DataCompression.framework in Frameworks */,
				OBJ_215 /* OLEKit.framework in Frameworks */,
			);
			runOnlyForDeploymentPostprocessing = 0;
		};
		OBJ_243 /* Frameworks */ = {
			isa = PBXFrameworksBuildPhase;
			buildActionMask = 0;
			files = (
			);
			runOnlyForDeploymentPostprocessing = 0;
		};
		OBJ_256 /* Frameworks */ = {
			isa = PBXFrameworksBuildPhase;
			buildActionMask = 0;
			files = (
				OBJ_257 /* Commandant.framework in Frameworks */,
				OBJ_258 /* HwpKitFramework.framework in Frameworks */,
				OBJ_259 /* DataCompression.framework in Frameworks */,
				OBJ_260 /* OLEKit.framework in Frameworks */,
			);
			runOnlyForDeploymentPostprocessing = 0;
		};
/* End PBXFrameworksBuildPhase section */

/* Begin PBXGroup section */
		OBJ_103 /* Products */ = {
			isa = PBXGroup;
			children = (
				"HwpKit::HwpKitFramework::Product" /* HwpKitFramework.framework */,
				"OLEKit::OLEKit::Product" /* OLEKit.framework */,
				"DataCompression::DataCompression::Product" /* DataCompression.framework */,
				"HwpKit::hwpkit::Product" /* hwpkit */,
				"HwpKit::HwpKitFrameworkTests::Product" /* HwpKitFrameworkTests.xctest */,
				"Commandant::Commandant::Product" /* Commandant.framework */,
			);
			name = Products;
			sourceTree = BUILT_PRODUCTS_DIR;
		};
		OBJ_16 /* Model */ = {
			isa = PBXGroup;
			children = (
				OBJ_17 /* DocInfo */,
				OBJ_32 /* HwpVersion.swift */,
				OBJ_33 /* Section */,
			);
			path = Model;
			sourceTree = "<group>";
		};
		OBJ_17 /* DocInfo */ = {
			isa = PBXGroup;
			children = (
				OBJ_18 /* Compatible Document */,
				OBJ_21 /* Document Properties */,
				OBJ_25 /* HwpIdMappings.swift */,
				OBJ_26 /* Id Mappings */,
			);
			path = DocInfo;
			sourceTree = "<group>";
		};
		OBJ_18 /* Compatible Document */ = {
			isa = PBXGroup;
			children = (
				OBJ_19 /* HwpCompatibleDocument.swift */,
				OBJ_20 /* HwpLayoutCompatibility.swift */,
			);
			path = "Compatible Document";
			sourceTree = "<group>";
		};
		OBJ_21 /* Document Properties */ = {
			isa = PBXGroup;
			children = (
				OBJ_22 /* HwpCaratLocation.swift */,
				OBJ_23 /* HwpDocumentProperties.swift */,
				OBJ_24 /* HwpStartingIndex.swift */,
			);
			path = "Document Properties";
			sourceTree = "<group>";
		};
		OBJ_26 /* Id Mappings */ = {
			isa = PBXGroup;
			children = (
				OBJ_27 /* HwpBinData.swift */,
				OBJ_28 /* HwpBorderFill.swift */,
				OBJ_29 /* HwpCharShape.swift */,
				OBJ_30 /* HwpFaceName.swift */,
				OBJ_31 /* HwpParaShape.swift */,
			);
			path = "Id Mappings";
			sourceTree = "<group>";
		};
		OBJ_33 /* Section */ = {
			isa = PBXGroup;
			children = (
				OBJ_34 /* HwpChar.swift */,
				OBJ_35 /* HwpCtrlHeader.swift */,
				OBJ_36 /* HwpListHeader.swift */,
				OBJ_37 /* HwpParaCharShape.swift */,
				OBJ_38 /* HwpParaHeader.swift */,
				OBJ_39 /* HwpParaLineSeg.swift */,
				OBJ_40 /* HwpParaRangeTag.swift */,
				OBJ_41 /* HwpParaText.swift */,
				OBJ_42 /* HwpParagraph.swift */,
			);
			path = Section;
			sourceTree = "<group>";
		};
		OBJ_43 /* Streams */ = {
			isa = PBXGroup;
			children = (
				OBJ_44 /* HwpBinaryData.swift */,
				OBJ_45 /* HwpDocInfo.swift */,
				OBJ_46 /* HwpFileHeader.swift */,
				OBJ_47 /* HwpPreviewImage.swift */,
				OBJ_48 /* HwpPreviewText.swift */,
				OBJ_49 /* HwpSection.swift */,
				OBJ_50 /* HwpSummary.swift */,
			);
			path = Streams;
			sourceTree = "<group>";
		};
		OBJ_5 = {
			isa = PBXGroup;
			children = (
				OBJ_6 /* Package.swift */,
				OBJ_7 /* Sources */,
				OBJ_61 /* Tests */,
				OBJ_73 /* Dependencies */,
				OBJ_103 /* Products */,
				OBJ_110 /* CODE_OF_CONDUCT.md */,
				OBJ_111 /* LICENSE */,
				OBJ_112 /* README.md */,
			);
			sourceTree = "<group>";
		};
		OBJ_51 /* Utils */ = {
			isa = PBXGroup;
			children = (
				OBJ_52 /* DataReader.swift */,
				OBJ_53 /* ExcludeEquatable.swift */,
				OBJ_54 /* HwpColor.swift */,
				OBJ_55 /* HwpPrimitive.swift */,
				OBJ_56 /* HwpRecord.swift */,
				OBJ_57 /* StreamReader.swift */,
				OBJ_58 /* Type.swift */,
			);
			path = Utils;
			sourceTree = "<group>";
		};
		OBJ_59 /* hwpkit */ = {
			isa = PBXGroup;
			children = (
				OBJ_60 /* main.swift */,
			);
			name = hwpkit;
			path = Sources/hwpkit;
			sourceTree = SOURCE_ROOT;
		};
		OBJ_61 /* Tests */ = {
			isa = PBXGroup;
			children = (
				OBJ_62 /* HwpKitFrameworkTests */,
			);
			name = Tests;
			sourceTree = SOURCE_ROOT;
		};
		OBJ_62 /* HwpKitFrameworkTests */ = {
			isa = PBXGroup;
			children = (
				OBJ_63 /* Blank */,
				OBJ_66 /* HwpUtilTests.swift */,
				OBJ_67 /* Noori */,
				OBJ_70 /* Versions */,
				OBJ_72 /* XCTestManifests.swift */,
				3682A22E2534868C00465BF3 /* Utils.swift */,
			);
			name = HwpKitFrameworkTests;
			path = Tests/HwpKitFrameworkTests;
			sourceTree = SOURCE_ROOT;
		};
		OBJ_63 /* Blank */ = {
			isa = PBXGroup;
			children = (
				3682A21F253484C700465BF3 /* blank-win2018.hwp */,
				36D4558B25348AB4000EDBCB /* blank-mac2014vp.hwp */,
				OBJ_64 /* BlankTests.swift */,
				OBJ_65 /* Create2014Tests.swift */,
				360ADFDA253489A7001F32CD /* Create2018Tests.swift */,
			);
			path = Blank;
			sourceTree = "<group>";
		};
		OBJ_67 /* Noori */ = {
			isa = PBXGroup;
			children = (
				3682A220253484D700465BF3 /* noori.hwp */,
				OBJ_68 /* NooriDocInfoTests.swift */,
				OBJ_69 /* NooriSectionTests.swift */,
			);
			path = Noori;
			sourceTree = "<group>";
		};
		OBJ_7 /* Sources */ = {
			isa = PBXGroup;
			children = (
				OBJ_8 /* HwpKitFramework */,
				OBJ_59 /* hwpkit */,
			);
			name = Sources;
			sourceTree = SOURCE_ROOT;
		};
		OBJ_70 /* Versions */ = {
			isa = PBXGroup;
			children = (
				3682A222253484F700465BF3 /* 2014VP.hwp */,
				3682A221253484E400465BF3 /* 2007.hwp */,
				OBJ_71 /* VersionTests.swift */,
			);
			path = Versions;
			sourceTree = "<group>";
		};
		OBJ_73 /* Dependencies */ = {
			isa = PBXGroup;
			children = (
				OBJ_74 /* Commandant 0.17.0 */,
				OBJ_87 /* DataCompression 3.6.0 */,
				OBJ_91 /* OLEKit 0.2.0 */,
			);
			name = Dependencies;
			sourceTree = "<group>";
		};
		OBJ_74 /* Commandant 0.17.0 */ = {
			isa = PBXGroup;
			children = (
				OBJ_75 /* Commandant */,
				OBJ_86 /* Package.swift */,
			);
			name = "Commandant 0.17.0";
			sourceTree = SOURCE_ROOT;
		};
		OBJ_75 /* Commandant */ = {
			isa = PBXGroup;
			children = (
				OBJ_76 /* Argument.swift */,
				OBJ_77 /* ArgumentParser.swift */,
				OBJ_78 /* ArgumentProtocol.swift */,
				OBJ_79 /* Command.swift */,
				OBJ_80 /* Errors.swift */,
				OBJ_81 /* HelpCommand.swift */,
				OBJ_82 /* Option.swift */,
				OBJ_83 /* OrderedSet.swift */,
				OBJ_84 /* Result+Additions.swift */,
				OBJ_85 /* Switch.swift */,
			);
			name = Commandant;
			path = .build/checkouts/Commandant/Sources/Commandant;
			sourceTree = SOURCE_ROOT;
		};
		OBJ_8 /* HwpKitFramework */ = {
			isa = PBXGroup;
			children = (
				OBJ_9 /* Enums */,
				OBJ_14 /* HwpError.swift */,
				OBJ_15 /* HwpFile.swift */,
				OBJ_16 /* Model */,
				OBJ_43 /* Streams */,
				OBJ_51 /* Utils */,
			);
			name = HwpKitFramework;
			path = Sources/HwpKitFramework;
			sourceTree = SOURCE_ROOT;
		};
		OBJ_87 /* DataCompression 3.6.0 */ = {
			isa = PBXGroup;
			children = (
				OBJ_88 /* DataCompression */,
				OBJ_90 /* Package.swift */,
			);
			name = "DataCompression 3.6.0";
			sourceTree = SOURCE_ROOT;
		};
		OBJ_88 /* DataCompression */ = {
			isa = PBXGroup;
			children = (
				OBJ_89 /* DataCompression.swift */,
			);
			name = DataCompression;
			path = .build/checkouts/DataCompression/Sources/DataCompression;
			sourceTree = SOURCE_ROOT;
		};
		OBJ_9 /* Enums */ = {
			isa = PBXGroup;
			children = (
				OBJ_10 /* HwpBorderType.swift */,
				OBJ_11 /* HwpCharType.swift */,
				OBJ_12 /* HwpStreamName.swift */,
				OBJ_13 /* HwpTag.swift */,
			);
			path = Enums;
			sourceTree = "<group>";
		};
		OBJ_91 /* OLEKit 0.2.0 */ = {
			isa = PBXGroup;
			children = (
				OBJ_92 /* OLEKit */,
				OBJ_102 /* Package.swift */,
			);
			name = "OLEKit 0.2.0";
			sourceTree = SOURCE_ROOT;
		};
		OBJ_92 /* OLEKit */ = {
			isa = PBXGroup;
			children = (
				OBJ_93 /* DataStream.swift */,
				OBJ_94 /* DirectoryEntry.swift */,
				OBJ_95 /* FAT.swift */,
				OBJ_96 /* Header.swift */,
				OBJ_97 /* OLEError.swift */,
				OBJ_98 /* OLEFile.swift */,
				OBJ_99 /* OLEStream.swift */,
				OBJ_100 /* Reader.swift */,
				OBJ_101 /* StorageType.swift */,
			);
			name = OLEKit;
			path = .build/checkouts/OLEKit/Sources/OLEKit;
			sourceTree = SOURCE_ROOT;
		};
/* End PBXGroup section */

/* Begin PBXNativeTarget section */
		"Commandant::Commandant" /* Commandant */ = {
			isa = PBXNativeTarget;
			buildConfigurationList = OBJ_114 /* Build configuration list for PBXNativeTarget "Commandant" */;
			buildPhases = (
				OBJ_117 /* Sources */,
				OBJ_128 /* Frameworks */,
			);
			buildRules = (
			);
			dependencies = (
			);
			name = Commandant;
			productName = Commandant;
			productReference = "Commandant::Commandant::Product" /* Commandant.framework */;
			productType = "com.apple.product-type.framework";
		};
		"Commandant::SwiftPMPackageDescription" /* CommandantPackageDescription */ = {
			isa = PBXNativeTarget;
			buildConfigurationList = OBJ_130 /* Build configuration list for PBXNativeTarget "CommandantPackageDescription" */;
			buildPhases = (
				OBJ_133 /* Sources */,
			);
			buildRules = (
			);
			dependencies = (
			);
			name = CommandantPackageDescription;
			productName = CommandantPackageDescription;
			productType = "com.apple.product-type.framework";
		};
		"DataCompression::DataCompression" /* DataCompression */ = {
			isa = PBXNativeTarget;
			buildConfigurationList = OBJ_136 /* Build configuration list for PBXNativeTarget "DataCompression" */;
			buildPhases = (
				OBJ_139 /* Sources */,
				OBJ_141 /* Frameworks */,
			);
			buildRules = (
			);
			dependencies = (
			);
			name = DataCompression;
			productName = DataCompression;
			productReference = "DataCompression::DataCompression::Product" /* DataCompression.framework */;
			productType = "com.apple.product-type.framework";
		};
		"DataCompression::SwiftPMPackageDescription" /* DataCompressionPackageDescription */ = {
			isa = PBXNativeTarget;
			buildConfigurationList = OBJ_143 /* Build configuration list for PBXNativeTarget "DataCompressionPackageDescription" */;
			buildPhases = (
				OBJ_146 /* Sources */,
			);
			buildRules = (
			);
			dependencies = (
			);
			name = DataCompressionPackageDescription;
			productName = DataCompressionPackageDescription;
			productType = "com.apple.product-type.framework";
		};
		"HwpKit::HwpKitFramework" /* HwpKitFramework */ = {
			isa = PBXNativeTarget;
			buildConfigurationList = OBJ_149 /* Build configuration list for PBXNativeTarget "HwpKitFramework" */;
			buildPhases = (
				OBJ_152 /* Sources */,
				OBJ_194 /* Frameworks */,
			);
			buildRules = (
			);
			dependencies = (
				OBJ_197 /* PBXTargetDependency */,
				OBJ_198 /* PBXTargetDependency */,
			);
			name = HwpKitFramework;
			productName = HwpKitFramework;
			productReference = "HwpKit::HwpKitFramework::Product" /* HwpKitFramework.framework */;
			productType = "com.apple.product-type.framework";
		};
		"HwpKit::HwpKitFrameworkTests" /* HwpKitFrameworkTests */ = {
			isa = PBXNativeTarget;
			buildConfigurationList = OBJ_201 /* Build configuration list for PBXNativeTarget "HwpKitFrameworkTests" */;
			buildPhases = (
				36B15A202534752400D7FBEE /* ShellScript */,
				OBJ_204 /* Sources */,
				OBJ_212 /* Frameworks */,
			);
			buildRules = (
			);
			dependencies = (
				OBJ_216 /* PBXTargetDependency */,
				OBJ_217 /* PBXTargetDependency */,
				OBJ_218 /* PBXTargetDependency */,
			);
			name = HwpKitFrameworkTests;
			productName = HwpKitFrameworkTests;
			productReference = "HwpKit::HwpKitFrameworkTests::Product" /* HwpKitFrameworkTests.xctest */;
			productType = "com.apple.product-type.bundle.unit-test";
		};
		"HwpKit::SwiftPMPackageDescription" /* HwpKitPackageDescription */ = {
			isa = PBXNativeTarget;
			buildConfigurationList = OBJ_220 /* Build configuration list for PBXNativeTarget "HwpKitPackageDescription" */;
			buildPhases = (
				OBJ_223 /* Sources */,
			);
			buildRules = (
			);
			dependencies = (
			);
			name = HwpKitPackageDescription;
			productName = HwpKitPackageDescription;
			productType = "com.apple.product-type.framework";
		};
		"HwpKit::hwpkit" /* hwpkit */ = {
			isa = PBXNativeTarget;
			buildConfigurationList = OBJ_251 /* Build configuration list for PBXNativeTarget "hwpkit" */;
			buildPhases = (
				36B15A1F2534750400D7FBEE /* ShellScript */,
				OBJ_254 /* Sources */,
				OBJ_256 /* Frameworks */,
			);
			buildRules = (
			);
			dependencies = (
				OBJ_261 /* PBXTargetDependency */,
				OBJ_262 /* PBXTargetDependency */,
				OBJ_263 /* PBXTargetDependency */,
				OBJ_264 /* PBXTargetDependency */,
			);
			name = hwpkit;
			productName = hwpkit;
			productReference = "HwpKit::hwpkit::Product" /* hwpkit */;
			productType = "com.apple.product-type.tool";
		};
		"OLEKit::OLEKit" /* OLEKit */ = {
			isa = PBXNativeTarget;
			buildConfigurationList = OBJ_230 /* Build configuration list for PBXNativeTarget "OLEKit" */;
			buildPhases = (
				OBJ_233 /* Sources */,
				OBJ_243 /* Frameworks */,
			);
			buildRules = (
			);
			dependencies = (
			);
			name = OLEKit;
			productName = OLEKit;
			productReference = "OLEKit::OLEKit::Product" /* OLEKit.framework */;
			productType = "com.apple.product-type.framework";
		};
		"OLEKit::SwiftPMPackageDescription" /* OLEKitPackageDescription */ = {
			isa = PBXNativeTarget;
			buildConfigurationList = OBJ_245 /* Build configuration list for PBXNativeTarget "OLEKitPackageDescription" */;
			buildPhases = (
				OBJ_248 /* Sources */,
			);
			buildRules = (
			);
			dependencies = (
			);
			name = OLEKitPackageDescription;
			productName = OLEKitPackageDescription;
			productType = "com.apple.product-type.framework";
		};
/* End PBXNativeTarget section */

/* Begin PBXProject section */
		OBJ_1 /* Project object */ = {
			isa = PBXProject;
			attributes = {
				LastSwiftMigration = 9999;
				LastUpgradeCheck = 9999;
			};
			buildConfigurationList = OBJ_2 /* Build configuration list for PBXProject "HwpKit" */;
			compatibilityVersion = "Xcode 3.2";
			developmentRegion = en;
			hasScannedForEncodings = 0;
			knownRegions = (
				en,
			);
			mainGroup = OBJ_5;
			productRefGroup = OBJ_103 /* Products */;
			projectDirPath = "";
			projectRoot = "";
			targets = (
				"Commandant::Commandant" /* Commandant */,
				"Commandant::SwiftPMPackageDescription" /* CommandantPackageDescription */,
				"DataCompression::DataCompression" /* DataCompression */,
				"DataCompression::SwiftPMPackageDescription" /* DataCompressionPackageDescription */,
				"HwpKit::HwpKitFramework" /* HwpKitFramework */,
				"HwpKit::HwpKitFrameworkTests" /* HwpKitFrameworkTests */,
				"HwpKit::SwiftPMPackageDescription" /* HwpKitPackageDescription */,
				"HwpKit::HwpKitPackageTests::ProductTarget" /* HwpKitPackageTests */,
				"OLEKit::OLEKit" /* OLEKit */,
				"OLEKit::SwiftPMPackageDescription" /* OLEKitPackageDescription */,
				"HwpKit::hwpkit" /* hwpkit */,
			);
		};
/* End PBXProject section */

/* Begin PBXShellScriptBuildPhase section */
		36B15A1F2534750400D7FBEE /* ShellScript */ = {
			isa = PBXShellScriptBuildPhase;
			buildActionMask = 2147483647;
			files = (
			);
			inputFileListPaths = (
			);
			inputPaths = (
			);
			outputFileListPaths = (
			);
			outputPaths = (
			);
			runOnlyForDeploymentPostprocessing = 0;
			shellPath = /bin/sh;
			shellScript = "if which swiftlint >/dev/null; then\n  swiftlint\nelse\n  echo \"warning: SwiftLint not installed, download from https://github.com/realm/SwiftLint\"\nfi\n";
		};
		36B15A202534752400D7FBEE /* ShellScript */ = {
			isa = PBXShellScriptBuildPhase;
			buildActionMask = 2147483647;
			files = (
			);
			inputFileListPaths = (
			);
			inputPaths = (
			);
			outputFileListPaths = (
			);
			outputPaths = (
			);
			runOnlyForDeploymentPostprocessing = 0;
			shellPath = /bin/sh;
			shellScript = "if which swiftlint >/dev/null; then\n  swiftlint\nelse\n  echo \"warning: SwiftLint not installed, download from https://github.com/realm/SwiftLint\"\nfi\n";
		};
/* End PBXShellScriptBuildPhase section */

/* Begin PBXSourcesBuildPhase section */
		OBJ_117 /* Sources */ = {
			isa = PBXSourcesBuildPhase;
			buildActionMask = 0;
			files = (
				OBJ_118 /* Argument.swift in Sources */,
				OBJ_119 /* ArgumentParser.swift in Sources */,
				OBJ_120 /* ArgumentProtocol.swift in Sources */,
				OBJ_121 /* Command.swift in Sources */,
				OBJ_122 /* Errors.swift in Sources */,
				OBJ_123 /* HelpCommand.swift in Sources */,
				OBJ_124 /* Option.swift in Sources */,
				OBJ_125 /* OrderedSet.swift in Sources */,
				OBJ_126 /* Result+Additions.swift in Sources */,
				OBJ_127 /* Switch.swift in Sources */,
			);
			runOnlyForDeploymentPostprocessing = 0;
		};
		OBJ_133 /* Sources */ = {
			isa = PBXSourcesBuildPhase;
			buildActionMask = 0;
			files = (
				OBJ_134 /* Package.swift in Sources */,
			);
			runOnlyForDeploymentPostprocessing = 0;
		};
		OBJ_139 /* Sources */ = {
			isa = PBXSourcesBuildPhase;
			buildActionMask = 0;
			files = (
				OBJ_140 /* DataCompression.swift in Sources */,
			);
			runOnlyForDeploymentPostprocessing = 0;
		};
		OBJ_146 /* Sources */ = {
			isa = PBXSourcesBuildPhase;
			buildActionMask = 0;
			files = (
				OBJ_147 /* Package.swift in Sources */,
			);
			runOnlyForDeploymentPostprocessing = 0;
		};
		OBJ_152 /* Sources */ = {
			isa = PBXSourcesBuildPhase;
			buildActionMask = 0;
			files = (
				OBJ_153 /* HwpBorderType.swift in Sources */,
				OBJ_154 /* HwpCharType.swift in Sources */,
				OBJ_155 /* HwpStreamName.swift in Sources */,
				OBJ_156 /* HwpTag.swift in Sources */,
				OBJ_157 /* HwpError.swift in Sources */,
				OBJ_158 /* HwpFile.swift in Sources */,
				OBJ_159 /* HwpCompatibleDocument.swift in Sources */,
				OBJ_160 /* HwpLayoutCompatibility.swift in Sources */,
				OBJ_161 /* HwpCaratLocation.swift in Sources */,
				OBJ_162 /* HwpDocumentProperties.swift in Sources */,
				OBJ_163 /* HwpStartingIndex.swift in Sources */,
				OBJ_164 /* HwpIdMappings.swift in Sources */,
				OBJ_165 /* HwpBinData.swift in Sources */,
				OBJ_166 /* HwpBorderFill.swift in Sources */,
				OBJ_167 /* HwpCharShape.swift in Sources */,
				OBJ_168 /* HwpFaceName.swift in Sources */,
				OBJ_169 /* HwpParaShape.swift in Sources */,
				OBJ_170 /* HwpVersion.swift in Sources */,
				OBJ_171 /* HwpChar.swift in Sources */,
				OBJ_172 /* HwpCtrlHeader.swift in Sources */,
				OBJ_173 /* HwpListHeader.swift in Sources */,
				OBJ_174 /* HwpParaCharShape.swift in Sources */,
				OBJ_175 /* HwpParaHeader.swift in Sources */,
				OBJ_176 /* HwpParaLineSeg.swift in Sources */,
				OBJ_177 /* HwpParaRangeTag.swift in Sources */,
				OBJ_178 /* HwpParaText.swift in Sources */,
				OBJ_179 /* HwpParagraph.swift in Sources */,
				OBJ_180 /* HwpBinaryData.swift in Sources */,
				OBJ_181 /* HwpDocInfo.swift in Sources */,
				OBJ_182 /* HwpFileHeader.swift in Sources */,
				OBJ_183 /* HwpPreviewImage.swift in Sources */,
				OBJ_184 /* HwpPreviewText.swift in Sources */,
				OBJ_185 /* HwpSection.swift in Sources */,
				OBJ_186 /* HwpSummary.swift in Sources */,
				OBJ_187 /* DataReader.swift in Sources */,
				OBJ_188 /* ExcludeEquatable.swift in Sources */,
				OBJ_189 /* HwpColor.swift in Sources */,
				OBJ_190 /* HwpPrimitive.swift in Sources */,
				OBJ_191 /* HwpRecord.swift in Sources */,
				OBJ_192 /* StreamReader.swift in Sources */,
				OBJ_193 /* Type.swift in Sources */,
			);
			runOnlyForDeploymentPostprocessing = 0;
		};
		OBJ_204 /* Sources */ = {
			isa = PBXSourcesBuildPhase;
			buildActionMask = 0;
			files = (
				OBJ_205 /* BlankTests.swift in Sources */,
				OBJ_206 /* Create2014Tests.swift in Sources */,
				360ADFDB253489A7001F32CD /* Create2018Tests.swift in Sources */,
				OBJ_207 /* HwpUtilTests.swift in Sources */,
				OBJ_208 /* NooriDocInfoTests.swift in Sources */,
				OBJ_209 /* NooriSectionTests.swift in Sources */,
				OBJ_210 /* VersionTests.swift in Sources */,
				OBJ_211 /* XCTestManifests.swift in Sources */,
				3682A22F2534868C00465BF3 /* Utils.swift in Sources */,
			);
			runOnlyForDeploymentPostprocessing = 0;
		};
		OBJ_223 /* Sources */ = {
			isa = PBXSourcesBuildPhase;
			buildActionMask = 0;
			files = (
				OBJ_224 /* Package.swift in Sources */,
			);
			runOnlyForDeploymentPostprocessing = 0;
		};
		OBJ_233 /* Sources */ = {
			isa = PBXSourcesBuildPhase;
			buildActionMask = 0;
			files = (
				OBJ_234 /* DataStream.swift in Sources */,
				OBJ_235 /* DirectoryEntry.swift in Sources */,
				OBJ_236 /* FAT.swift in Sources */,
				OBJ_237 /* Header.swift in Sources */,
				OBJ_238 /* OLEError.swift in Sources */,
				OBJ_239 /* OLEFile.swift in Sources */,
				OBJ_240 /* OLEStream.swift in Sources */,
				OBJ_241 /* Reader.swift in Sources */,
				OBJ_242 /* StorageType.swift in Sources */,
			);
			runOnlyForDeploymentPostprocessing = 0;
		};
		OBJ_248 /* Sources */ = {
			isa = PBXSourcesBuildPhase;
			buildActionMask = 0;
			files = (
				OBJ_249 /* Package.swift in Sources */,
			);
			runOnlyForDeploymentPostprocessing = 0;
		};
		OBJ_254 /* Sources */ = {
			isa = PBXSourcesBuildPhase;
			buildActionMask = 0;
			files = (
				OBJ_255 /* main.swift in Sources */,
			);
			runOnlyForDeploymentPostprocessing = 0;
		};
/* End PBXSourcesBuildPhase section */

/* Begin PBXTargetDependency section */
		OBJ_197 /* PBXTargetDependency */ = {
			isa = PBXTargetDependency;
			target = "DataCompression::DataCompression" /* DataCompression */;
			targetProxy = 36B15A0C253474EB00D7FBEE /* PBXContainerItemProxy */;
		};
		OBJ_198 /* PBXTargetDependency */ = {
			isa = PBXTargetDependency;
			target = "OLEKit::OLEKit" /* OLEKit */;
			targetProxy = 36B15A0D253474EB00D7FBEE /* PBXContainerItemProxy */;
		};
		OBJ_216 /* PBXTargetDependency */ = {
			isa = PBXTargetDependency;
			target = "HwpKit::HwpKitFramework" /* HwpKitFramework */;
			targetProxy = 36B15A10253474EC00D7FBEE /* PBXContainerItemProxy */;
		};
		OBJ_217 /* PBXTargetDependency */ = {
			isa = PBXTargetDependency;
			target = "DataCompression::DataCompression" /* DataCompression */;
			targetProxy = 36B15A11253474EC00D7FBEE /* PBXContainerItemProxy */;
		};
		OBJ_218 /* PBXTargetDependency */ = {
			isa = PBXTargetDependency;
			target = "OLEKit::OLEKit" /* OLEKit */;
			targetProxy = 36B15A12253474EC00D7FBEE /* PBXContainerItemProxy */;
		};
		OBJ_229 /* PBXTargetDependency */ = {
			isa = PBXTargetDependency;
			target = "HwpKit::HwpKitFrameworkTests" /* HwpKitFrameworkTests */;
			targetProxy = 36B15A1A253474ED00D7FBEE /* PBXContainerItemProxy */;
		};
		OBJ_261 /* PBXTargetDependency */ = {
			isa = PBXTargetDependency;
			target = "Commandant::Commandant" /* Commandant */;
			targetProxy = 36B15A0A253474EB00D7FBEE /* PBXContainerItemProxy */;
		};
		OBJ_262 /* PBXTargetDependency */ = {
			isa = PBXTargetDependency;
			target = "HwpKit::HwpKitFramework" /* HwpKitFramework */;
			targetProxy = 36B15A0B253474EB00D7FBEE /* PBXContainerItemProxy */;
		};
		OBJ_263 /* PBXTargetDependency */ = {
			isa = PBXTargetDependency;
			target = "DataCompression::DataCompression" /* DataCompression */;
			targetProxy = 36B15A0E253474EB00D7FBEE /* PBXContainerItemProxy */;
		};
		OBJ_264 /* PBXTargetDependency */ = {
			isa = PBXTargetDependency;
			target = "OLEKit::OLEKit" /* OLEKit */;
			targetProxy = 36B15A0F253474EB00D7FBEE /* PBXContainerItemProxy */;
		};
/* End PBXTargetDependency section */

/* Begin XCBuildConfiguration section */
		OBJ_115 /* Debug */ = {
			isa = XCBuildConfiguration;
			buildSettings = {
				ENABLE_TESTABILITY = YES;
				FRAMEWORK_SEARCH_PATHS = (
					"$(inherited)",
					"$(PLATFORM_DIR)/Developer/Library/Frameworks",
				);
				HEADER_SEARCH_PATHS = "$(inherited)";
				INFOPLIST_FILE = HwpKit.xcodeproj/Commandant_Info.plist;
				IPHONEOS_DEPLOYMENT_TARGET = 9.0;
				LD_RUNPATH_SEARCH_PATHS = "$(inherited) $(TOOLCHAIN_DIR)/usr/lib/swift/macosx";
				MACOSX_DEPLOYMENT_TARGET = 10.10;
				OTHER_CFLAGS = "$(inherited)";
				OTHER_LDFLAGS = "$(inherited)";
				OTHER_SWIFT_FLAGS = "$(inherited)";
				PRODUCT_BUNDLE_IDENTIFIER = Commandant;
				PRODUCT_MODULE_NAME = "$(TARGET_NAME:c99extidentifier)";
				PRODUCT_NAME = "$(TARGET_NAME:c99extidentifier)";
				SKIP_INSTALL = YES;
				SWIFT_ACTIVE_COMPILATION_CONDITIONS = "$(inherited)";
				SWIFT_VERSION = 5.0;
				TARGET_NAME = Commandant;
				TVOS_DEPLOYMENT_TARGET = 9.0;
				WATCHOS_DEPLOYMENT_TARGET = 2.0;
			};
			name = Debug;
		};
		OBJ_116 /* Release */ = {
			isa = XCBuildConfiguration;
			buildSettings = {
				ENABLE_TESTABILITY = YES;
				FRAMEWORK_SEARCH_PATHS = (
					"$(inherited)",
					"$(PLATFORM_DIR)/Developer/Library/Frameworks",
				);
				HEADER_SEARCH_PATHS = "$(inherited)";
				INFOPLIST_FILE = HwpKit.xcodeproj/Commandant_Info.plist;
				IPHONEOS_DEPLOYMENT_TARGET = 9.0;
				LD_RUNPATH_SEARCH_PATHS = "$(inherited) $(TOOLCHAIN_DIR)/usr/lib/swift/macosx";
				MACOSX_DEPLOYMENT_TARGET = 10.10;
				OTHER_CFLAGS = "$(inherited)";
				OTHER_LDFLAGS = "$(inherited)";
				OTHER_SWIFT_FLAGS = "$(inherited)";
				PRODUCT_BUNDLE_IDENTIFIER = Commandant;
				PRODUCT_MODULE_NAME = "$(TARGET_NAME:c99extidentifier)";
				PRODUCT_NAME = "$(TARGET_NAME:c99extidentifier)";
				SKIP_INSTALL = YES;
				SWIFT_ACTIVE_COMPILATION_CONDITIONS = "$(inherited)";
				SWIFT_VERSION = 5.0;
				TARGET_NAME = Commandant;
				TVOS_DEPLOYMENT_TARGET = 9.0;
				WATCHOS_DEPLOYMENT_TARGET = 2.0;
			};
			name = Release;
		};
		OBJ_131 /* Debug */ = {
			isa = XCBuildConfiguration;
			buildSettings = {
				LD = /usr/bin/true;
				OTHER_SWIFT_FLAGS = "-swift-version 5 -I $(TOOLCHAIN_DIR)/usr/lib/swift/pm/4_2 -sdk /Applications/Xcode.app/Contents/Developer/Platforms/MacOSX.platform/Developer/SDKs/MacOSX10.15.sdk -package-description-version 5.0.0";
				SWIFT_VERSION = 5.0;
			};
			name = Debug;
		};
		OBJ_132 /* Release */ = {
			isa = XCBuildConfiguration;
			buildSettings = {
				LD = /usr/bin/true;
				OTHER_SWIFT_FLAGS = "-swift-version 5 -I $(TOOLCHAIN_DIR)/usr/lib/swift/pm/4_2 -sdk /Applications/Xcode.app/Contents/Developer/Platforms/MacOSX.platform/Developer/SDKs/MacOSX10.15.sdk -package-description-version 5.0.0";
				SWIFT_VERSION = 5.0;
			};
			name = Release;
		};
		OBJ_137 /* Debug */ = {
			isa = XCBuildConfiguration;
			buildSettings = {
				ENABLE_TESTABILITY = YES;
				FRAMEWORK_SEARCH_PATHS = (
					"$(inherited)",
					"$(PLATFORM_DIR)/Developer/Library/Frameworks",
				);
				HEADER_SEARCH_PATHS = "$(inherited)";
				INFOPLIST_FILE = HwpKit.xcodeproj/DataCompression_Info.plist;
				IPHONEOS_DEPLOYMENT_TARGET = 9.0;
				LD_RUNPATH_SEARCH_PATHS = "$(inherited) $(TOOLCHAIN_DIR)/usr/lib/swift/macosx";
				MACOSX_DEPLOYMENT_TARGET = 10.11;
				OTHER_CFLAGS = "$(inherited)";
				OTHER_LDFLAGS = "$(inherited)";
				OTHER_SWIFT_FLAGS = "$(inherited)";
				PRODUCT_BUNDLE_IDENTIFIER = DataCompression;
				PRODUCT_MODULE_NAME = "$(TARGET_NAME:c99extidentifier)";
				PRODUCT_NAME = "$(TARGET_NAME:c99extidentifier)";
				SKIP_INSTALL = YES;
				SWIFT_ACTIVE_COMPILATION_CONDITIONS = "$(inherited)";
				SWIFT_VERSION = 5.0;
				TARGET_NAME = DataCompression;
				TVOS_DEPLOYMENT_TARGET = 9.0;
				WATCHOS_DEPLOYMENT_TARGET = 2.0;
			};
			name = Debug;
		};
		OBJ_138 /* Release */ = {
			isa = XCBuildConfiguration;
			buildSettings = {
				ENABLE_TESTABILITY = YES;
				FRAMEWORK_SEARCH_PATHS = (
					"$(inherited)",
					"$(PLATFORM_DIR)/Developer/Library/Frameworks",
				);
				HEADER_SEARCH_PATHS = "$(inherited)";
				INFOPLIST_FILE = HwpKit.xcodeproj/DataCompression_Info.plist;
				IPHONEOS_DEPLOYMENT_TARGET = 9.0;
				LD_RUNPATH_SEARCH_PATHS = "$(inherited) $(TOOLCHAIN_DIR)/usr/lib/swift/macosx";
				MACOSX_DEPLOYMENT_TARGET = 10.11;
				OTHER_CFLAGS = "$(inherited)";
				OTHER_LDFLAGS = "$(inherited)";
				OTHER_SWIFT_FLAGS = "$(inherited)";
				PRODUCT_BUNDLE_IDENTIFIER = DataCompression;
				PRODUCT_MODULE_NAME = "$(TARGET_NAME:c99extidentifier)";
				PRODUCT_NAME = "$(TARGET_NAME:c99extidentifier)";
				SKIP_INSTALL = YES;
				SWIFT_ACTIVE_COMPILATION_CONDITIONS = "$(inherited)";
				SWIFT_VERSION = 5.0;
				TARGET_NAME = DataCompression;
				TVOS_DEPLOYMENT_TARGET = 9.0;
				WATCHOS_DEPLOYMENT_TARGET = 2.0;
			};
			name = Release;
		};
		OBJ_144 /* Debug */ = {
			isa = XCBuildConfiguration;
			buildSettings = {
				LD = /usr/bin/true;
				OTHER_SWIFT_FLAGS = "-swift-version 5 -I $(TOOLCHAIN_DIR)/usr/lib/swift/pm/4_2 -sdk /Applications/Xcode.app/Contents/Developer/Platforms/MacOSX.platform/Developer/SDKs/MacOSX10.15.sdk -package-description-version 5.0.0";
				SWIFT_VERSION = 5.0;
			};
			name = Debug;
		};
		OBJ_145 /* Release */ = {
			isa = XCBuildConfiguration;
			buildSettings = {
				LD = /usr/bin/true;
				OTHER_SWIFT_FLAGS = "-swift-version 5 -I $(TOOLCHAIN_DIR)/usr/lib/swift/pm/4_2 -sdk /Applications/Xcode.app/Contents/Developer/Platforms/MacOSX.platform/Developer/SDKs/MacOSX10.15.sdk -package-description-version 5.0.0";
				SWIFT_VERSION = 5.0;
			};
			name = Release;
		};
		OBJ_150 /* Debug */ = {
			isa = XCBuildConfiguration;
			buildSettings = {
				ENABLE_TESTABILITY = YES;
				FRAMEWORK_SEARCH_PATHS = (
					"$(inherited)",
					"$(PLATFORM_DIR)/Developer/Library/Frameworks",
				);
				HEADER_SEARCH_PATHS = "$(inherited)";
				INFOPLIST_FILE = HwpKit.xcodeproj/HwpKitFramework_Info.plist;
				IPHONEOS_DEPLOYMENT_TARGET = 9.0;
				LD_RUNPATH_SEARCH_PATHS = "$(inherited) $(TOOLCHAIN_DIR)/usr/lib/swift/macosx";
				MACOSX_DEPLOYMENT_TARGET = 10.11;
				OTHER_CFLAGS = "$(inherited)";
				OTHER_LDFLAGS = "$(inherited)";
				OTHER_SWIFT_FLAGS = "$(inherited)";
				PRODUCT_BUNDLE_IDENTIFIER = HwpKitFramework;
				PRODUCT_MODULE_NAME = "$(TARGET_NAME:c99extidentifier)";
				PRODUCT_NAME = "$(TARGET_NAME:c99extidentifier)";
				SKIP_INSTALL = YES;
				SWIFT_ACTIVE_COMPILATION_CONDITIONS = "$(inherited)";
				SWIFT_VERSION = 5.0;
				TARGET_NAME = HwpKitFramework;
				TVOS_DEPLOYMENT_TARGET = 9.0;
				WATCHOS_DEPLOYMENT_TARGET = 2.0;
			};
			name = Debug;
		};
		OBJ_151 /* Release */ = {
			isa = XCBuildConfiguration;
			buildSettings = {
				ENABLE_TESTABILITY = YES;
				FRAMEWORK_SEARCH_PATHS = (
					"$(inherited)",
					"$(PLATFORM_DIR)/Developer/Library/Frameworks",
				);
				HEADER_SEARCH_PATHS = "$(inherited)";
				INFOPLIST_FILE = HwpKit.xcodeproj/HwpKitFramework_Info.plist;
				IPHONEOS_DEPLOYMENT_TARGET = 9.0;
				LD_RUNPATH_SEARCH_PATHS = "$(inherited) $(TOOLCHAIN_DIR)/usr/lib/swift/macosx";
				MACOSX_DEPLOYMENT_TARGET = 10.11;
				OTHER_CFLAGS = "$(inherited)";
				OTHER_LDFLAGS = "$(inherited)";
				OTHER_SWIFT_FLAGS = "$(inherited)";
				PRODUCT_BUNDLE_IDENTIFIER = HwpKitFramework;
				PRODUCT_MODULE_NAME = "$(TARGET_NAME:c99extidentifier)";
				PRODUCT_NAME = "$(TARGET_NAME:c99extidentifier)";
				SKIP_INSTALL = YES;
				SWIFT_ACTIVE_COMPILATION_CONDITIONS = "$(inherited)";
				SWIFT_VERSION = 5.0;
				TARGET_NAME = HwpKitFramework;
				TVOS_DEPLOYMENT_TARGET = 9.0;
				WATCHOS_DEPLOYMENT_TARGET = 2.0;
			};
			name = Release;
		};
		OBJ_202 /* Debug */ = {
			isa = XCBuildConfiguration;
			buildSettings = {
				CLANG_ENABLE_MODULES = YES;
				EMBEDDED_CONTENT_CONTAINS_SWIFT = YES;
				FRAMEWORK_SEARCH_PATHS = (
					"$(inherited)",
					"$(PLATFORM_DIR)/Developer/Library/Frameworks",
				);
				HEADER_SEARCH_PATHS = "$(inherited)";
				INFOPLIST_FILE = HwpKit.xcodeproj/HwpKitFrameworkTests_Info.plist;
				IPHONEOS_DEPLOYMENT_TARGET = 14.0;
				LD_RUNPATH_SEARCH_PATHS = "$(inherited) @loader_path/../Frameworks @loader_path/Frameworks";
				MACOSX_DEPLOYMENT_TARGET = 10.15;
				OTHER_CFLAGS = "$(inherited)";
				OTHER_LDFLAGS = "$(inherited)";
				OTHER_SWIFT_FLAGS = "$(inherited)";
				SWIFT_ACTIVE_COMPILATION_CONDITIONS = "$(inherited)";
				SWIFT_VERSION = 5.0;
				TARGET_NAME = HwpKitFrameworkTests;
				TVOS_DEPLOYMENT_TARGET = 9.0;
				WATCHOS_DEPLOYMENT_TARGET = 2.0;
			};
			name = Debug;
		};
		OBJ_203 /* Release */ = {
			isa = XCBuildConfiguration;
			buildSettings = {
				CLANG_ENABLE_MODULES = YES;
				EMBEDDED_CONTENT_CONTAINS_SWIFT = YES;
				FRAMEWORK_SEARCH_PATHS = (
					"$(inherited)",
					"$(PLATFORM_DIR)/Developer/Library/Frameworks",
				);
				HEADER_SEARCH_PATHS = "$(inherited)";
				INFOPLIST_FILE = HwpKit.xcodeproj/HwpKitFrameworkTests_Info.plist;
				IPHONEOS_DEPLOYMENT_TARGET = 14.0;
				LD_RUNPATH_SEARCH_PATHS = "$(inherited) @loader_path/../Frameworks @loader_path/Frameworks";
				MACOSX_DEPLOYMENT_TARGET = 10.15;
				OTHER_CFLAGS = "$(inherited)";
				OTHER_LDFLAGS = "$(inherited)";
				OTHER_SWIFT_FLAGS = "$(inherited)";
				SWIFT_ACTIVE_COMPILATION_CONDITIONS = "$(inherited)";
				SWIFT_VERSION = 5.0;
				TARGET_NAME = HwpKitFrameworkTests;
				TVOS_DEPLOYMENT_TARGET = 9.0;
				WATCHOS_DEPLOYMENT_TARGET = 2.0;
			};
			name = Release;
		};
		OBJ_221 /* Debug */ = {
			isa = XCBuildConfiguration;
			buildSettings = {
				LD = /usr/bin/true;
				OTHER_SWIFT_FLAGS = "-swift-version 5 -I $(TOOLCHAIN_DIR)/usr/lib/swift/pm/4_2 -sdk /Applications/Xcode.app/Contents/Developer/Platforms/MacOSX.platform/Developer/SDKs/MacOSX10.15.sdk -package-description-version 5.1.0";
				SWIFT_VERSION = 5.0;
			};
			name = Debug;
		};
		OBJ_222 /* Release */ = {
			isa = XCBuildConfiguration;
			buildSettings = {
				LD = /usr/bin/true;
				OTHER_SWIFT_FLAGS = "-swift-version 5 -I $(TOOLCHAIN_DIR)/usr/lib/swift/pm/4_2 -sdk /Applications/Xcode.app/Contents/Developer/Platforms/MacOSX.platform/Developer/SDKs/MacOSX10.15.sdk -package-description-version 5.1.0";
				SWIFT_VERSION = 5.0;
			};
			name = Release;
		};
		OBJ_227 /* Debug */ = {
			isa = XCBuildConfiguration;
			buildSettings = {
			};
			name = Debug;
		};
		OBJ_228 /* Release */ = {
			isa = XCBuildConfiguration;
			buildSettings = {
			};
			name = Release;
		};
		OBJ_231 /* Debug */ = {
			isa = XCBuildConfiguration;
			buildSettings = {
				ENABLE_TESTABILITY = YES;
				FRAMEWORK_SEARCH_PATHS = (
					"$(inherited)",
					"$(PLATFORM_DIR)/Developer/Library/Frameworks",
				);
				HEADER_SEARCH_PATHS = "$(inherited)";
				INFOPLIST_FILE = HwpKit.xcodeproj/OLEKit_Info.plist;
				IPHONEOS_DEPLOYMENT_TARGET = 9.0;
				LD_RUNPATH_SEARCH_PATHS = "$(inherited) $(TOOLCHAIN_DIR)/usr/lib/swift/macosx";
				MACOSX_DEPLOYMENT_TARGET = 10.10;
				OTHER_CFLAGS = "$(inherited)";
				OTHER_LDFLAGS = "$(inherited)";
				OTHER_SWIFT_FLAGS = "$(inherited)";
				PRODUCT_BUNDLE_IDENTIFIER = OLEKit;
				PRODUCT_MODULE_NAME = "$(TARGET_NAME:c99extidentifier)";
				PRODUCT_NAME = "$(TARGET_NAME:c99extidentifier)";
				SKIP_INSTALL = YES;
				SWIFT_ACTIVE_COMPILATION_CONDITIONS = "$(inherited)";
				SWIFT_VERSION = 5.0;
				TARGET_NAME = OLEKit;
				TVOS_DEPLOYMENT_TARGET = 9.0;
				WATCHOS_DEPLOYMENT_TARGET = 2.0;
			};
			name = Debug;
		};
		OBJ_232 /* Release */ = {
			isa = XCBuildConfiguration;
			buildSettings = {
				ENABLE_TESTABILITY = YES;
				FRAMEWORK_SEARCH_PATHS = (
					"$(inherited)",
					"$(PLATFORM_DIR)/Developer/Library/Frameworks",
				);
				HEADER_SEARCH_PATHS = "$(inherited)";
				INFOPLIST_FILE = HwpKit.xcodeproj/OLEKit_Info.plist;
				IPHONEOS_DEPLOYMENT_TARGET = 9.0;
				LD_RUNPATH_SEARCH_PATHS = "$(inherited) $(TOOLCHAIN_DIR)/usr/lib/swift/macosx";
				MACOSX_DEPLOYMENT_TARGET = 10.10;
				OTHER_CFLAGS = "$(inherited)";
				OTHER_LDFLAGS = "$(inherited)";
				OTHER_SWIFT_FLAGS = "$(inherited)";
				PRODUCT_BUNDLE_IDENTIFIER = OLEKit;
				PRODUCT_MODULE_NAME = "$(TARGET_NAME:c99extidentifier)";
				PRODUCT_NAME = "$(TARGET_NAME:c99extidentifier)";
				SKIP_INSTALL = YES;
				SWIFT_ACTIVE_COMPILATION_CONDITIONS = "$(inherited)";
				SWIFT_VERSION = 5.0;
				TARGET_NAME = OLEKit;
				TVOS_DEPLOYMENT_TARGET = 9.0;
				WATCHOS_DEPLOYMENT_TARGET = 2.0;
			};
			name = Release;
		};
		OBJ_246 /* Debug */ = {
			isa = XCBuildConfiguration;
			buildSettings = {
				LD = /usr/bin/true;
				OTHER_SWIFT_FLAGS = "-swift-version 5 -I $(TOOLCHAIN_DIR)/usr/lib/swift/pm/4_2 -sdk /Applications/Xcode.app/Contents/Developer/Platforms/MacOSX.platform/Developer/SDKs/MacOSX10.15.sdk -package-description-version 5.1.0";
				SWIFT_VERSION = 5.0;
			};
			name = Debug;
		};
		OBJ_247 /* Release */ = {
			isa = XCBuildConfiguration;
			buildSettings = {
				LD = /usr/bin/true;
				OTHER_SWIFT_FLAGS = "-swift-version 5 -I $(TOOLCHAIN_DIR)/usr/lib/swift/pm/4_2 -sdk /Applications/Xcode.app/Contents/Developer/Platforms/MacOSX.platform/Developer/SDKs/MacOSX10.15.sdk -package-description-version 5.1.0";
				SWIFT_VERSION = 5.0;
			};
			name = Release;
		};
		OBJ_252 /* Debug */ = {
			isa = XCBuildConfiguration;
			buildSettings = {
				FRAMEWORK_SEARCH_PATHS = (
					"$(inherited)",
					"$(PLATFORM_DIR)/Developer/Library/Frameworks",
				);
				HEADER_SEARCH_PATHS = "$(inherited)";
				INFOPLIST_FILE = HwpKit.xcodeproj/hwpkit_Info.plist;
				IPHONEOS_DEPLOYMENT_TARGET = 9.0;
				LD_RUNPATH_SEARCH_PATHS = "$(inherited) $(TOOLCHAIN_DIR)/usr/lib/swift/macosx @executable_path";
				MACOSX_DEPLOYMENT_TARGET = 10.11;
				OTHER_CFLAGS = "$(inherited)";
				OTHER_LDFLAGS = "$(inherited)";
				OTHER_SWIFT_FLAGS = "$(inherited)";
				SWIFT_ACTIVE_COMPILATION_CONDITIONS = "$(inherited)";
				SWIFT_FORCE_DYNAMIC_LINK_STDLIB = YES;
				SWIFT_FORCE_STATIC_LINK_STDLIB = NO;
				SWIFT_VERSION = 5.0;
				TARGET_NAME = hwpkit;
				TVOS_DEPLOYMENT_TARGET = 9.0;
				WATCHOS_DEPLOYMENT_TARGET = 2.0;
			};
			name = Debug;
		};
		OBJ_253 /* Release */ = {
			isa = XCBuildConfiguration;
			buildSettings = {
				FRAMEWORK_SEARCH_PATHS = (
					"$(inherited)",
					"$(PLATFORM_DIR)/Developer/Library/Frameworks",
				);
				HEADER_SEARCH_PATHS = "$(inherited)";
				INFOPLIST_FILE = HwpKit.xcodeproj/hwpkit_Info.plist;
				IPHONEOS_DEPLOYMENT_TARGET = 9.0;
				LD_RUNPATH_SEARCH_PATHS = "$(inherited) $(TOOLCHAIN_DIR)/usr/lib/swift/macosx @executable_path";
				MACOSX_DEPLOYMENT_TARGET = 10.11;
				OTHER_CFLAGS = "$(inherited)";
				OTHER_LDFLAGS = "$(inherited)";
				OTHER_SWIFT_FLAGS = "$(inherited)";
				SWIFT_ACTIVE_COMPILATION_CONDITIONS = "$(inherited)";
				SWIFT_FORCE_DYNAMIC_LINK_STDLIB = YES;
				SWIFT_FORCE_STATIC_LINK_STDLIB = NO;
				SWIFT_VERSION = 5.0;
				TARGET_NAME = hwpkit;
				TVOS_DEPLOYMENT_TARGET = 9.0;
				WATCHOS_DEPLOYMENT_TARGET = 2.0;
			};
			name = Release;
		};
		OBJ_3 /* Debug */ = {
			isa = XCBuildConfiguration;
			buildSettings = {
				CLANG_ENABLE_OBJC_ARC = YES;
				COMBINE_HIDPI_IMAGES = YES;
				COPY_PHASE_STRIP = NO;
				DEBUG_INFORMATION_FORMAT = dwarf;
				DYLIB_INSTALL_NAME_BASE = "@rpath";
				ENABLE_NS_ASSERTIONS = YES;
				GCC_OPTIMIZATION_LEVEL = 0;
				GCC_PREPROCESSOR_DEFINITIONS = (
					"$(inherited)",
					"SWIFT_PACKAGE=1",
					"DEBUG=1",
				);
				MACOSX_DEPLOYMENT_TARGET = 10.10;
				ONLY_ACTIVE_ARCH = YES;
				OTHER_SWIFT_FLAGS = "$(inherited) -DXcode";
				PRODUCT_NAME = "$(TARGET_NAME)";
				SDKROOT = macosx;
				SUPPORTED_PLATFORMS = "macosx iphoneos iphonesimulator appletvos appletvsimulator watchos watchsimulator";
				SWIFT_ACTIVE_COMPILATION_CONDITIONS = "$(inherited) SWIFT_PACKAGE DEBUG";
				SWIFT_OPTIMIZATION_LEVEL = "-Onone";
				USE_HEADERMAP = NO;
			};
			name = Debug;
		};
		OBJ_4 /* Release */ = {
			isa = XCBuildConfiguration;
			buildSettings = {
				CLANG_ENABLE_OBJC_ARC = YES;
				COMBINE_HIDPI_IMAGES = YES;
				COPY_PHASE_STRIP = YES;
				DEBUG_INFORMATION_FORMAT = "dwarf-with-dsym";
				DYLIB_INSTALL_NAME_BASE = "@rpath";
				GCC_OPTIMIZATION_LEVEL = s;
				GCC_PREPROCESSOR_DEFINITIONS = (
					"$(inherited)",
					"SWIFT_PACKAGE=1",
				);
				MACOSX_DEPLOYMENT_TARGET = 10.10;
				OTHER_SWIFT_FLAGS = "$(inherited) -DXcode";
				PRODUCT_NAME = "$(TARGET_NAME)";
				SDKROOT = macosx;
				SUPPORTED_PLATFORMS = "macosx iphoneos iphonesimulator appletvos appletvsimulator watchos watchsimulator";
				SWIFT_ACTIVE_COMPILATION_CONDITIONS = "$(inherited) SWIFT_PACKAGE";
				SWIFT_OPTIMIZATION_LEVEL = "-Owholemodule";
				USE_HEADERMAP = NO;
			};
			name = Release;
		};
/* End XCBuildConfiguration section */

/* Begin XCConfigurationList section */
		OBJ_114 /* Build configuration list for PBXNativeTarget "Commandant" */ = {
			isa = XCConfigurationList;
			buildConfigurations = (
				OBJ_115 /* Debug */,
				OBJ_116 /* Release */,
			);
			defaultConfigurationIsVisible = 0;
			defaultConfigurationName = Release;
		};
		OBJ_130 /* Build configuration list for PBXNativeTarget "CommandantPackageDescription" */ = {
			isa = XCConfigurationList;
			buildConfigurations = (
				OBJ_131 /* Debug */,
				OBJ_132 /* Release */,
			);
			defaultConfigurationIsVisible = 0;
			defaultConfigurationName = Release;
		};
		OBJ_136 /* Build configuration list for PBXNativeTarget "DataCompression" */ = {
			isa = XCConfigurationList;
			buildConfigurations = (
				OBJ_137 /* Debug */,
				OBJ_138 /* Release */,
			);
			defaultConfigurationIsVisible = 0;
			defaultConfigurationName = Release;
		};
		OBJ_143 /* Build configuration list for PBXNativeTarget "DataCompressionPackageDescription" */ = {
			isa = XCConfigurationList;
			buildConfigurations = (
				OBJ_144 /* Debug */,
				OBJ_145 /* Release */,
			);
			defaultConfigurationIsVisible = 0;
			defaultConfigurationName = Release;
		};
		OBJ_149 /* Build configuration list for PBXNativeTarget "HwpKitFramework" */ = {
			isa = XCConfigurationList;
			buildConfigurations = (
				OBJ_150 /* Debug */,
				OBJ_151 /* Release */,
			);
			defaultConfigurationIsVisible = 0;
			defaultConfigurationName = Release;
		};
		OBJ_2 /* Build configuration list for PBXProject "HwpKit" */ = {
			isa = XCConfigurationList;
			buildConfigurations = (
				OBJ_3 /* Debug */,
				OBJ_4 /* Release */,
			);
			defaultConfigurationIsVisible = 0;
			defaultConfigurationName = Release;
		};
		OBJ_201 /* Build configuration list for PBXNativeTarget "HwpKitFrameworkTests" */ = {
			isa = XCConfigurationList;
			buildConfigurations = (
				OBJ_202 /* Debug */,
				OBJ_203 /* Release */,
			);
			defaultConfigurationIsVisible = 0;
			defaultConfigurationName = Release;
		};
		OBJ_220 /* Build configuration list for PBXNativeTarget "HwpKitPackageDescription" */ = {
			isa = XCConfigurationList;
			buildConfigurations = (
				OBJ_221 /* Debug */,
				OBJ_222 /* Release */,
			);
			defaultConfigurationIsVisible = 0;
			defaultConfigurationName = Release;
		};
		OBJ_226 /* Build configuration list for PBXAggregateTarget "HwpKitPackageTests" */ = {
			isa = XCConfigurationList;
			buildConfigurations = (
				OBJ_227 /* Debug */,
				OBJ_228 /* Release */,
			);
			defaultConfigurationIsVisible = 0;
			defaultConfigurationName = Release;
		};
		OBJ_230 /* Build configuration list for PBXNativeTarget "OLEKit" */ = {
			isa = XCConfigurationList;
			buildConfigurations = (
				OBJ_231 /* Debug */,
				OBJ_232 /* Release */,
			);
			defaultConfigurationIsVisible = 0;
			defaultConfigurationName = Release;
		};
		OBJ_245 /* Build configuration list for PBXNativeTarget "OLEKitPackageDescription" */ = {
			isa = XCConfigurationList;
			buildConfigurations = (
				OBJ_246 /* Debug */,
				OBJ_247 /* Release */,
			);
			defaultConfigurationIsVisible = 0;
			defaultConfigurationName = Release;
		};
		OBJ_251 /* Build configuration list for PBXNativeTarget "hwpkit" */ = {
			isa = XCConfigurationList;
			buildConfigurations = (
				OBJ_252 /* Debug */,
				OBJ_253 /* Release */,
			);
			defaultConfigurationIsVisible = 0;
			defaultConfigurationName = Release;
		};
/* End XCConfigurationList section */
	};
	rootObject = OBJ_1 /* Project object */;
}
