// !$*UTF8*$!
{
	archiveVersion = 1;
	classes = {
	};
	objectVersion = 77;
	objects = {

/* Begin PBXBuildFile section */
		1F41DD616F0D27606E71864F /* HwpKit in Frameworks */ = {isa = PBXBuildFile; productRef = 0478F39AEB002488AA1045BD /* HwpKit */; };
		36581416E535363B5AA47F5A /* ContentView.swift in Sources */ = {isa = PBXBuildFile; fileRef = 5232A086D38B2466914CFE61 /* ContentView.swift */; };
		68EE62E38E2242AB019D0407 /* HwpSwiftSampleApp.swift in Sources */ = {isa = PBXBuildFile; fileRef = A96B93F86DE19483CF1C608B /* HwpSwiftSampleApp.swift */; };
		E821565996982AA2D138C840 /* HwpKitCore in Frameworks */ = {isa = PBXBuildFile; productRef = 7334160AD6142524FDAEE1B2 /* HwpKitCore */; };
/* End PBXBuildFile section */

/* Begin PBXFileReference section */
		32544FDDF462496C3F2AAA62 /* HwpSwiftSample.entitlements */ = {isa = PBXFileReference; lastKnownFileType = text.plist.entitlements; path = HwpSwiftSample.entitlements; sourceTree = "<group>"; };
		50CC56F6743089790FD4CF8A /* hwp-swift */ = {isa = PBXFileReference; lastKnownFileType = folder; name = "hwp-swift"; path = ..; sourceTree = SOURCE_ROOT; };
		5232A086D38B2466914CFE61 /* ContentView.swift */ = {isa = PBXFileReference; lastKnownFileType = sourcecode.swift; path = ContentView.swift; sourceTree = "<group>"; };
		A96B93F86DE19483CF1C608B /* HwpSwiftSampleApp.swift */ = {isa = PBXFileReference; lastKnownFileType = sourcecode.swift; path = HwpSwiftSampleApp.swift; sourceTree = "<group>"; };
		BD9CD92D4D990B61E323BA6A /* HwpSwiftSample.app */ = {isa = PBXFileReference; includeInIndex = 0; lastKnownFileType = wrapper.application; path = HwpSwiftSample.app; sourceTree = BUILT_PRODUCTS_DIR; };
/* End PBXFileReference section */

/* Begin PBXFrameworksBuildPhase section */
		B126F0EEC3C7DE5057ADD427 /* Frameworks */ = {
			isa = PBXFrameworksBuildPhase;
			buildActionMask = 2147483647;
			files = (
				1F41DD616F0D27606E71864F /* HwpKit in Frameworks */,
				E821565996982AA2D138C840 /* HwpKitCore in Frameworks */,
			);
			runOnlyForDeploymentPostprocessing = 0;
		};
/* End PBXFrameworksBuildPhase section */

/* Begin PBXGroup section */
		58A7039CD93DEC0FA67BED86 = {
			isa = PBXGroup;
			children = (
				F5FA1C3EB163D43ED6409D23 /* HwpSwiftSample */,
				CFF8999FBAA034462EFC42C4 /* Packages */,
				C080388BEFD42316802EEB5A /* Products */,
			);
			sourceTree = "<group>";
		};
		C080388BEFD42316802EEB5A /* Products */ = {
			isa = PBXGroup;
			children = (
				BD9CD92D4D990B61E323BA6A /* HwpSwiftSample.app */,
			);
			name = Products;
			sourceTree = "<group>";
		};
		CFF8999FBAA034462EFC42C4 /* Packages */ = {
			isa = PBXGroup;
			children = (
				50CC56F6743089790FD4CF8A /* hwp-swift */,
			);
			name = Packages;
			sourceTree = "<group>";
		};
		F5FA1C3EB163D43ED6409D23 /* HwpSwiftSample */ = {
			isa = PBXGroup;
			children = (
				5232A086D38B2466914CFE61 /* ContentView.swift */,
				32544FDDF462496C3F2AAA62 /* HwpSwiftSample.entitlements */,
				A96B93F86DE19483CF1C608B /* HwpSwiftSampleApp.swift */,
			);
			path = HwpSwiftSample;
			sourceTree = "<group>";
		};
/* End PBXGroup section */

/* Begin PBXNativeTarget section */
		CD6C7749FDC5B1675F0CF38F /* HwpSwiftSample */ = {
			isa = PBXNativeTarget;
			buildConfigurationList = 59663B237FB03042492A2EF1 /* Build configuration list for PBXNativeTarget "HwpSwiftSample" */;
			buildPhases = (
				2E7E8EBFE2F7CE69EA6A76A0 /* Sources */,
				B126F0EEC3C7DE5057ADD427 /* Frameworks */,
			);
			buildRules = (
			);
			dependencies = (
			);
			name = HwpSwiftSample;
			packageProductDependencies = (
				0478F39AEB002488AA1045BD /* HwpKit */,
				7334160AD6142524FDAEE1B2 /* HwpKitCore */,
			);
			productName = HwpSwiftSample;
			productReference = BD9CD92D4D990B61E323BA6A /* HwpSwiftSample.app */;
			productType = "com.apple.product-type.application";
		};
/* End PBXNativeTarget section */

/* Begin PBXProject section */
		DAF78B25B4FBDA0156693B40 /* Project object */ = {
			isa = PBXProject;
			attributes = {
				BuildIndependentTargetsInParallel = YES;
				LastUpgradeCheck = 1430;
				TargetAttributes = {
					CD6C7749FDC5B1675F0CF38F = {
						DevelopmentTeam = "";
						ProvisioningStyle = Manual;
					};
				};
			};
			buildConfigurationList = 4007A38BBEB22A27FF6742EC /* Build configuration list for PBXProject "HwpSwiftSample" */;
			developmentRegion = en;
			hasScannedForEncodings = 0;
			knownRegions = (
				Base,
				en,
			);
			mainGroup = 58A7039CD93DEC0FA67BED86;
			minimizedProjectReferenceProxies = 1;
			packageReferences = (
				6BB12D40A0F7F2AE96BBCC5A /* XCLocalSwiftPackageReference ".." */,
			);
			preferredProjectObjectVersion = 77;
			productRefGroup = C080388BEFD42316802EEB5A /* Products */;
			projectDirPath = "";
			projectRoot = "";
			targets = (
				CD6C7749FDC5B1675F0CF38F /* HwpSwiftSample */,
			);
		};
/* End PBXProject section */

/* Begin PBXSourcesBuildPhase section */
		2E7E8EBFE2F7CE69EA6A76A0 /* Sources */ = {
			isa = PBXSourcesBuildPhase;
			buildActionMask = 2147483647;
			files = (
				36581416E535363B5AA47F5A /* ContentView.swift in Sources */,
				68EE62E38E2242AB019D0407 /* HwpSwiftSampleApp.swift in Sources */,
			);
			runOnlyForDeploymentPostprocessing = 0;
		};
/* End PBXSourcesBuildPhase section */

/* Begin XCBuildConfiguration section */
		162086FDEACC8C3840FE15FE /* Release */ = {
			isa = XCBuildConfiguration;
			buildSettings = {
				ALWAYS_SEARCH_USER_PATHS = NO;
				CLANG_ANALYZER_NONNULL = YES;
				CLANG_ANALYZER_NUMBER_OBJECT_CONVERSION = YES_AGGRESSIVE;
				CLANG_CXX_LANGUAGE_STANDARD = "gnu++14";
				CLANG_CXX_LIBRARY = "libc++";
				CLANG_ENABLE_MODULES = YES;
				CLANG_ENABLE_OBJC_ARC = YES;
				CLANG_ENABLE_OBJC_WEAK = YES;
				CLANG_WARN_BLOCK_CAPTURE_AUTORELEASING = YES;
				CLANG_WARN_BOOL_CONVERSION = YES;
				CLANG_WARN_COMMA = YES;
				CLANG_WARN_CONSTANT_CONVERSION = YES;
				CLANG_WARN_DEPRECATED_OBJC_IMPLEMENTATIONS = YES;
				CLANG_WARN_DIRECT_OBJC_ISA_USAGE = YES_ERROR;
				CLANG_WARN_DOCUMENTATION_COMMENTS = YES;
				CLANG_WARN_EMPTY_BODY = YES;
				CLANG_WARN_ENUM_CONVERSION = YES;
				CLANG_WARN_INFINITE_RECURSION = YES;
				CLANG_WARN_INT_CONVERSION = YES;
				CLANG_WARN_NON_LITERAL_NULL_CONVERSION = YES;
				CLANG_WARN_OBJC_IMPLICIT_RETAIN_SELF = YES;
				CLANG_WARN_OBJC_LITERAL_CONVERSION = YES;
				CLANG_WARN_OBJC_ROOT_CLASS = YES_ERROR;
				CLANG_WARN_QUOTED_INCLUDE_IN_FRAMEWORK_HEADER = YES;
				CLANG_WARN_RANGE_LOOP_ANALYSIS = YES;
				CLANG_WARN_STRICT_PROTOTYPES = YES;
				CLANG_WARN_SUSPICIOUS_MOVE = YES;
				CLANG_WARN_UNGUARDED_AVAILABILITY = YES_AGGRESSIVE;
				CLANG_WARN_UNREACHABLE_CODE = YES;
				CLANG_WARN__DUPLICATE_METHOD_MATCH = YES;
				COPY_PHASE_STRIP = NO;
				DEBUG_INFORMATION_FORMAT = "dwarf-with-dsym";
				ENABLE_NS_ASSERTIONS = NO;
				ENABLE_STRICT_OBJC_MSGSEND = YES;
				GCC_C_LANGUAGE_STANDARD = gnu11;
				GCC_NO_COMMON_BLOCKS = YES;
				GCC_WARN_64_TO_32_BIT_CONVERSION = YES;
				GCC_WARN_ABOUT_RETURN_TYPE = YES_ERROR;
				GCC_WARN_UNDECLARED_SELECTOR = YES;
				GCC_WARN_UNINITIALIZED_AUTOS = YES_AGGRESSIVE;
				GCC_WARN_UNUSED_FUNCTION = YES;
				GCC_WARN_UNUSED_VARIABLE = YES;
				IPHONEOS_DEPLOYMENT_TARGET = 17.0;
				MACOSX_DEPLOYMENT_TARGET = 14.0;
				MTL_ENABLE_DEBUG_INFO = NO;
				MTL_FAST_MATH = YES;
				PRODUCT_NAME = "$(TARGET_NAME)";
				SDKROOT = auto;
				SWIFT_COMPILATION_MODE = wholemodule;
				SWIFT_OPTIMIZATION_LEVEL = "-O";
				SWIFT_VERSION = 5.0;
			};
			name = Release;
		};
		A964D8433181D9611AE4D81A /* Release */ = {
			isa = XCBuildConfiguration;
			buildSettings = {
				ASSETCATALOG_COMPILER_APPICON_NAME = AppIcon;
				"CODE_SIGNING_ALLOWED[sdk=iphonesimulator*]" = NO;
				CODE_SIGN_ENTITLEMENTS = HwpSwiftSample/HwpSwiftSample.entitlements;
				CODE_SIGN_IDENTITY = "-";
				CODE_SIGN_STYLE = Manual;
				CURRENT_PROJECT_VERSION = 1;
				DEVELOPMENT_TEAM = "";
				GENERATE_INFOPLIST_FILE = YES;
				INFOPLIST_KEY_CFBundleDisplayName = HwpSwiftSample;
				INFOPLIST_KEY_LSApplicationCategoryType = "public.app-category.developer-tools";
				LD_RUNPATH_SEARCH_PATHS = (
					"$(inherited)",
					"@executable_path/Frameworks",
				);
				MARKETING_VERSION = 1.0;
				PRODUCT_BUNDLE_IDENTIFIER = dev.sboh.HwpSwiftSample;
				SDKROOT = auto;
				SUPPORTED_PLATFORMS = "iphoneos iphonesimulator macosx";
				SUPPORTS_MACCATALYST = NO;
				SUPPORTS_MAC_DESIGNED_FOR_IPHONE_IPAD = NO;
				SUPPORTS_XR_DESIGNED_FOR_IPHONE_IPAD = YES;
				SWIFT_VERSION = 5.9;
				TARGETED_DEVICE_FAMILY = "1,2";
			};
			name = Release;
		};
		C967EC627D3CC4CA296D06BB /* Debug */ = {
			isa = XCBuildConfiguration;
			buildSettings = {
				ALWAYS_SEARCH_USER_PATHS = NO;
				CLANG_ANALYZER_NONNULL = YES;
				CLANG_ANALYZER_NUMBER_OBJECT_CONVERSION = YES_AGGRESSIVE;
				CLANG_CXX_LANGUAGE_STANDARD = "gnu++14";
				CLANG_CXX_LIBRARY = "libc++";
				CLANG_ENABLE_MODULES = YES;
				CLANG_ENABLE_OBJC_ARC = YES;
				CLANG_ENABLE_OBJC_WEAK = YES;
				CLANG_WARN_BLOCK_CAPTURE_AUTORELEASING = YES;
				CLANG_WARN_BOOL_CONVERSION = YES;
				CLANG_WARN_COMMA = YES;
				CLANG_WARN_CONSTANT_CONVERSION = YES;
				CLANG_WARN_DEPRECATED_OBJC_IMPLEMENTATIONS = YES;
				CLANG_WARN_DIRECT_OBJC_ISA_USAGE = YES_ERROR;
				CLANG_WARN_DOCUMENTATION_COMMENTS = YES;
				CLANG_WARN_EMPTY_BODY = YES;
				CLANG_WARN_ENUM_CONVERSION = YES;
				CLANG_WARN_INFINITE_RECURSION = YES;
				CLANG_WARN_INT_CONVERSION = YES;
				CLANG_WARN_NON_LITERAL_NULL_CONVERSION = YES;
				CLANG_WARN_OBJC_IMPLICIT_RETAIN_SELF = YES;
				CLANG_WARN_OBJC_LITERAL_CONVERSION = YES;
				CLANG_WARN_OBJC_ROOT_CLASS = YES_ERROR;
				CLANG_WARN_QUOTED_INCLUDE_IN_FRAMEWORK_HEADER = YES;
				CLANG_WARN_RANGE_LOOP_ANALYSIS = YES;
				CLANG_WARN_STRICT_PROTOTYPES = YES;
				CLANG_WARN_SUSPICIOUS_MOVE = YES;
				CLANG_WARN_UNGUARDED_AVAILABILITY = YES_AGGRESSIVE;
				CLANG_WARN_UNREACHABLE_CODE = YES;
				CLANG_WARN__DUPLICATE_METHOD_MATCH = YES;
				COPY_PHASE_STRIP = NO;
				DEBUG_INFORMATION_FORMAT = dwarf;
				ENABLE_STRICT_OBJC_MSGSEND = YES;
				ENABLE_TESTABILITY = YES;
				GCC_C_LANGUAGE_STANDARD = gnu11;
				GCC_DYNAMIC_NO_PIC = NO;
				GCC_NO_COMMON_BLOCKS = YES;
				GCC_OPTIMIZATION_LEVEL = 0;
				GCC_PREPROCESSOR_DEFINITIONS = (
					"$(inherited)",
					"DEBUG=1",
				);
				GCC_WARN_64_TO_32_BIT_CONVERSION = YES;
				GCC_WARN_ABOUT_RETURN_TYPE = YES_ERROR;
				GCC_WARN_UNDECLARED_SELECTOR = YES;
				GCC_WARN_UNINITIALIZED_AUTOS = YES_AGGRESSIVE;
				GCC_WARN_UNUSED_FUNCTION = YES;
				GCC_WARN_UNUSED_VARIABLE = YES;
				IPHONEOS_DEPLOYMENT_TARGET = 17.0;
				MACOSX_DEPLOYMENT_TARGET = 14.0;
				MTL_ENABLE_DEBUG_INFO = INCLUDE_SOURCE;
				MTL_FAST_MATH = YES;
				ONLY_ACTIVE_ARCH = YES;
				PRODUCT_NAME = "$(TARGET_NAME)";
				SDKROOT = auto;
				SWIFT_ACTIVE_COMPILATION_CONDITIONS = DEBUG;
				SWIFT_OPTIMIZATION_LEVEL = "-Onone";
				SWIFT_VERSION = 5.0;
			};
			name = Debug;
		};
		D7AD136489A33E1FFBAF9E99 /* Debug */ = {
			isa = XCBuildConfiguration;
			buildSettings = {
				ASSETCATALOG_COMPILER_APPICON_NAME = AppIcon;
				"CODE_SIGNING_ALLOWED[sdk=iphonesimulator*]" = NO;
				CODE_SIGN_ENTITLEMENTS = HwpSwiftSample/HwpSwiftSample.entitlements;
				CODE_SIGN_IDENTITY = "-";
				CODE_SIGN_STYLE = Manual;
				CURRENT_PROJECT_VERSION = 1;
				DEVELOPMENT_TEAM = "";
				GENERATE_INFOPLIST_FILE = YES;
				INFOPLIST_KEY_CFBundleDisplayName = HwpSwiftSample;
				INFOPLIST_KEY_LSApplicationCategoryType = "public.app-category.developer-tools";
				LD_RUNPATH_SEARCH_PATHS = (
					"$(inherited)",
					"@executable_path/Frameworks",
				);
				MARKETING_VERSION = 1.0;
				PRODUCT_BUNDLE_IDENTIFIER = dev.sboh.HwpSwiftSample;
				SDKROOT = auto;
				SUPPORTED_PLATFORMS = "iphoneos iphonesimulator macosx";
				SUPPORTS_MACCATALYST = NO;
				SUPPORTS_MAC_DESIGNED_FOR_IPHONE_IPAD = NO;
				SUPPORTS_XR_DESIGNED_FOR_IPHONE_IPAD = YES;
				SWIFT_VERSION = 5.9;
				TARGETED_DEVICE_FAMILY = "1,2";
			};
			name = Debug;
		};
/* End XCBuildConfiguration section */

/* Begin XCConfigurationList section */
		4007A38BBEB22A27FF6742EC /* Build configuration list for PBXProject "HwpSwiftSample" */ = {
			isa = XCConfigurationList;
			buildConfigurations = (
				C967EC627D3CC4CA296D06BB /* Debug */,
				162086FDEACC8C3840FE15FE /* Release */,
			);
			defaultConfigurationIsVisible = 0;
			defaultConfigurationName = Debug;
		};
		59663B237FB03042492A2EF1 /* Build configuration list for PBXNativeTarget "HwpSwiftSample" */ = {
			isa = XCConfigurationList;
			buildConfigurations = (
				D7AD136489A33E1FFBAF9E99 /* Debug */,
				A964D8433181D9611AE4D81A /* Release */,
			);
			defaultConfigurationIsVisible = 0;
			defaultConfigurationName = Debug;
		};
/* End XCConfigurationList section */

/* Begin XCLocalSwiftPackageReference section */
		6BB12D40A0F7F2AE96BBCC5A /* XCLocalSwiftPackageReference ".." */ = {
			isa = XCLocalSwiftPackageReference;
			relativePath = ..;
		};
/* End XCLocalSwiftPackageReference section */

/* Begin XCSwiftPackageProductDependency section */
		0478F39AEB002488AA1045BD /* HwpKit */ = {
			isa = XCSwiftPackageProductDependency;
			productName = HwpKit;
		};
		7334160AD6142524FDAEE1B2 /* HwpKitCore */ = {
			isa = XCSwiftPackageProductDependency;
			productName = HwpKitCore;
		};
/* End XCSwiftPackageProductDependency section */
	};
	rootObject = DAF78B25B4FBDA0156693B40 /* Project object */;
}
